// !$*UTF8*$!
{
	archiveVersion = 1;
	classes = {
	};
	objectVersion = 46;
	objects = {

/* Begin PBXBuildFile section */
		041785DD18D21FDC007B1301 /* FTAUtil.m in Sources */ = {isa = PBXBuildFile; fileRef = 041785DC18D21FDC007B1301 /* FTAUtil.m */; };
		0489D47518CE75D100B41E20 /* Foundation.framework in Frameworks */ = {isa = PBXBuildFile; fileRef = 0489D47418CE75D100B41E20 /* Foundation.framework */; };
		0489D47718CE75D100B41E20 /* CoreGraphics.framework in Frameworks */ = {isa = PBXBuildFile; fileRef = 0489D47618CE75D100B41E20 /* CoreGraphics.framework */; };
		0489D47918CE75D100B41E20 /* UIKit.framework in Frameworks */ = {isa = PBXBuildFile; fileRef = 0489D47818CE75D100B41E20 /* UIKit.framework */; };
		0489D47B18CE75D100B41E20 /* GLKit.framework in Frameworks */ = {isa = PBXBuildFile; fileRef = 0489D47A18CE75D100B41E20 /* GLKit.framework */; };
		0489D47D18CE75D100B41E20 /* OpenGLES.framework in Frameworks */ = {isa = PBXBuildFile; fileRef = 0489D47C18CE75D100B41E20 /* OpenGLES.framework */; };
		0489D48318CE75D100B41E20 /* InfoPlist.strings in Resources */ = {isa = PBXBuildFile; fileRef = 0489D48118CE75D100B41E20 /* InfoPlist.strings */; };
		0489D48518CE75D100B41E20 /* main.m in Sources */ = {isa = PBXBuildFile; fileRef = 0489D48418CE75D100B41E20 /* main.m */; };
		0489D48918CE75D100B41E20 /* FTAAppDelegate.m in Sources */ = {isa = PBXBuildFile; fileRef = 0489D48818CE75D100B41E20 /* FTAAppDelegate.m */; };
		0489D48C18CE75D100B41E20 /* Main.storyboard in Resources */ = {isa = PBXBuildFile; fileRef = 0489D48A18CE75D100B41E20 /* Main.storyboard */; };
		0489D48E18CE75D100B41E20 /* TrivialPointSprite.fsh in Resources */ = {isa = PBXBuildFile; fileRef = 0489D48D18CE75D100B41E20 /* TrivialPointSprite.fsh */; };
		0489D49018CE75D100B41E20 /* TrivialPointSprite.vsh in Resources */ = {isa = PBXBuildFile; fileRef = 0489D48F18CE75D100B41E20 /* TrivialPointSprite.vsh */; };
		0489D49318CE75D100B41E20 /* FTAViewController.m in Sources */ = {isa = PBXBuildFile; fileRef = 0489D49218CE75D100B41E20 /* FTAViewController.m */; };
		0489D49518CE75D100B41E20 /* Images.xcassets in Resources */ = {isa = PBXBuildFile; fileRef = 0489D49418CE75D100B41E20 /* Images.xcassets */; };
		0489D49C18CE75D100B41E20 /* XCTest.framework in Frameworks */ = {isa = PBXBuildFile; fileRef = 0489D49B18CE75D100B41E20 /* XCTest.framework */; };
		0489D49D18CE75D100B41E20 /* Foundation.framework in Frameworks */ = {isa = PBXBuildFile; fileRef = 0489D47418CE75D100B41E20 /* Foundation.framework */; };
		0489D49E18CE75D100B41E20 /* UIKit.framework in Frameworks */ = {isa = PBXBuildFile; fileRef = 0489D47818CE75D100B41E20 /* UIKit.framework */; };
		0489D4A618CE75D100B41E20 /* InfoPlist.strings in Resources */ = {isa = PBXBuildFile; fileRef = 0489D4A418CE75D100B41E20 /* InfoPlist.strings */; };
		0489D4A818CE75D100B41E20 /* TestAppTests.m in Sources */ = {isa = PBXBuildFile; fileRef = 0489D4A718CE75D100B41E20 /* TestAppTests.m */; };
		0489D4C018CE767000B41E20 /* libCore.a in Frameworks */ = {isa = PBXBuildFile; fileRef = 0489D4BD18CE766200B41E20 /* libCore.a */; };
		0489D4C118CE767000B41E20 /* libFiftyThreeSdk.a in Frameworks */ = {isa = PBXBuildFile; fileRef = 0489D4B618CE764B00B41E20 /* libFiftyThreeSdk.a */; };
		0489D4CE18CE78A900B41E20 /* libc++.dylib in Frameworks */ = {isa = PBXBuildFile; fileRef = 0489D4CD18CE78A900B41E20 /* libc++.dylib */; };
		0489D4D018CE78B400B41E20 /* CoreBluetooth.framework in Frameworks */ = {isa = PBXBuildFile; fileRef = 0489D4CF18CE78B400B41E20 /* CoreBluetooth.framework */; };
		049A0CD518E0B6F2005311FA /* FTASettingsViewController.m in Sources */ = {isa = PBXBuildFile; fileRef = 049A0CD418E0B6F2005311FA /* FTASettingsViewController.m */; };
		04BD4AD418D74EC4003FCCCF /* TrivialBlit.fsh in Resources */ = {isa = PBXBuildFile; fileRef = 04C3135B18D74E85008097D1 /* TrivialBlit.fsh */; };
		04BD4AD518D74EC4003FCCCF /* TrivialBlit.vsh in Resources */ = {isa = PBXBuildFile; fileRef = 04C3135C18D74E85008097D1 /* TrivialBlit.vsh */; };
		04C3133C18D3841B008097D1 /* QuartzCore.framework in Frameworks */ = {isa = PBXBuildFile; fileRef = 04C3133B18D3841B008097D1 /* QuartzCore.framework */; };
		15BB4DD218E9F705007BE707 /* FTADrawer.m in Sources */ = {isa = PBXBuildFile; fileRef = 15BB4DD118E9F705007BE707 /* FTADrawer.m */; };
		D4F525D91B9625020002B941 /* Default-568h@2x.png in Resources */ = {isa = PBXBuildFile; fileRef = D4F525D81B9625020002B941 /* Default-568h@2x.png */; };
/* End PBXBuildFile section */

/* Begin PBXContainerItemProxy section */
		0489D49F18CE75D100B41E20 /* PBXContainerItemProxy */ = {
			isa = PBXContainerItemProxy;
			containerPortal = 0489D46918CE75D100B41E20 /* Project object */;
			proxyType = 1;
			remoteGlobalIDString = 0489D47018CE75D100B41E20;
			remoteInfo = TestApp;
		};
		0489D4B518CE764B00B41E20 /* PBXContainerItemProxy */ = {
			isa = PBXContainerItemProxy;
			containerPortal = 0489D4B118CE764B00B41E20 /* FiftyThreeSdk.xcodeproj */;
			proxyType = 2;
			remoteGlobalIDString = 66A8387116E52D840048FFE4;
			remoteInfo = FiftyThreeSdk;
		};
		0489D4BC18CE766200B41E20 /* PBXContainerItemProxy */ = {
			isa = PBXContainerItemProxy;
			containerPortal = 0489D4B718CE766200B41E20 /* Core.xcodeproj */;
			proxyType = 2;
			remoteGlobalIDString = 04EDB35018BCFBD900E35A40;
			remoteInfo = Core;
		};
		0489D4BE18CE766200B41E20 /* PBXContainerItemProxy */ = {
			isa = PBXContainerItemProxy;
			containerPortal = 0489D4B718CE766200B41E20 /* Core.xcodeproj */;
			proxyType = 2;
			remoteGlobalIDString = 04EDB36018BCFBD900E35A40;
			remoteInfo = CoreTests;
		};
		0489D4C218CE767A00B41E20 /* PBXContainerItemProxy */ = {
			isa = PBXContainerItemProxy;
			containerPortal = 0489D4B718CE766200B41E20 /* Core.xcodeproj */;
			proxyType = 1;
			remoteGlobalIDString = 04EDB34F18BCFBD900E35A40;
			remoteInfo = Core;
		};
		0489D4C418CE767E00B41E20 /* PBXContainerItemProxy */ = {
			isa = PBXContainerItemProxy;
			containerPortal = 0489D4B118CE764B00B41E20 /* FiftyThreeSdk.xcodeproj */;
			proxyType = 1;
			remoteGlobalIDString = 66A8387016E52D840048FFE4;
			remoteInfo = FiftyThreeSdk;
		};
/* End PBXContainerItemProxy section */

/* Begin PBXFileReference section */
		041785DB18D21FDC007B1301 /* FTAUtil.h */ = {isa = PBXFileReference; fileEncoding = 4; lastKnownFileType = sourcecode.c.h; path = FTAUtil.h; sourceTree = "<group>"; };
		041785DC18D21FDC007B1301 /* FTAUtil.m */ = {isa = PBXFileReference; fileEncoding = 4; lastKnownFileType = sourcecode.c.objc; path = FTAUtil.m; sourceTree = "<group>"; };
		0489D47118CE75D100B41E20 /* SDKTest.app */ = {isa = PBXFileReference; explicitFileType = wrapper.application; includeInIndex = 0; path = SDKTest.app; sourceTree = BUILT_PRODUCTS_DIR; };
		0489D47418CE75D100B41E20 /* Foundation.framework */ = {isa = PBXFileReference; lastKnownFileType = wrapper.framework; name = Foundation.framework; path = System/Library/Frameworks/Foundation.framework; sourceTree = SDKROOT; };
		0489D47618CE75D100B41E20 /* CoreGraphics.framework */ = {isa = PBXFileReference; lastKnownFileType = wrapper.framework; name = CoreGraphics.framework; path = System/Library/Frameworks/CoreGraphics.framework; sourceTree = SDKROOT; };
		0489D47818CE75D100B41E20 /* UIKit.framework */ = {isa = PBXFileReference; lastKnownFileType = wrapper.framework; name = UIKit.framework; path = System/Library/Frameworks/UIKit.framework; sourceTree = SDKROOT; };
		0489D47A18CE75D100B41E20 /* GLKit.framework */ = {isa = PBXFileReference; lastKnownFileType = wrapper.framework; name = GLKit.framework; path = System/Library/Frameworks/GLKit.framework; sourceTree = SDKROOT; };
		0489D47C18CE75D100B41E20 /* OpenGLES.framework */ = {isa = PBXFileReference; lastKnownFileType = wrapper.framework; name = OpenGLES.framework; path = System/Library/Frameworks/OpenGLES.framework; sourceTree = SDKROOT; };
		0489D48018CE75D100B41E20 /* TestApp-Info.plist */ = {isa = PBXFileReference; lastKnownFileType = text.plist.xml; path = "TestApp-Info.plist"; sourceTree = "<group>"; };
		0489D48218CE75D100B41E20 /* en */ = {isa = PBXFileReference; lastKnownFileType = text.plist.strings; name = en; path = en.lproj/InfoPlist.strings; sourceTree = "<group>"; };
		0489D48418CE75D100B41E20 /* main.m */ = {isa = PBXFileReference; lastKnownFileType = sourcecode.c.objc; path = main.m; sourceTree = "<group>"; };
		0489D48618CE75D100B41E20 /* TestApp-Prefix.pch */ = {isa = PBXFileReference; lastKnownFileType = sourcecode.c.h; path = "TestApp-Prefix.pch"; sourceTree = "<group>"; };
		0489D48718CE75D100B41E20 /* FTAAppDelegate.h */ = {isa = PBXFileReference; lastKnownFileType = sourcecode.c.h; path = FTAAppDelegate.h; sourceTree = "<group>"; };
		0489D48818CE75D100B41E20 /* FTAAppDelegate.m */ = {isa = PBXFileReference; lastKnownFileType = sourcecode.c.objc; path = FTAAppDelegate.m; sourceTree = "<group>"; };
		0489D48B18CE75D100B41E20 /* Base */ = {isa = PBXFileReference; lastKnownFileType = file.storyboard; name = Base; path = Base.lproj/Main.storyboard; sourceTree = "<group>"; };
		0489D48D18CE75D100B41E20 /* TrivialPointSprite.fsh */ = {isa = PBXFileReference; lastKnownFileType = sourcecode.glsl; name = TrivialPointSprite.fsh; path = Shaders/TrivialPointSprite.fsh; sourceTree = "<group>"; };
		0489D48F18CE75D100B41E20 /* TrivialPointSprite.vsh */ = {isa = PBXFileReference; lastKnownFileType = sourcecode.glsl; name = TrivialPointSprite.vsh; path = Shaders/TrivialPointSprite.vsh; sourceTree = "<group>"; };
		0489D49118CE75D100B41E20 /* FTAViewController.h */ = {isa = PBXFileReference; lastKnownFileType = sourcecode.c.h; path = FTAViewController.h; sourceTree = "<group>"; };
		0489D49218CE75D100B41E20 /* FTAViewController.m */ = {isa = PBXFileReference; lastKnownFileType = sourcecode.c.objc; path = FTAViewController.m; sourceTree = "<group>"; };
		0489D49418CE75D100B41E20 /* Images.xcassets */ = {isa = PBXFileReference; lastKnownFileType = folder.assetcatalog; path = Images.xcassets; sourceTree = "<group>"; };
		0489D49A18CE75D100B41E20 /* SDKTest.app */ = {isa = PBXFileReference; explicitFileType = wrapper.cfbundle; includeInIndex = 0; path = SDKTest.app; sourceTree = BUILT_PRODUCTS_DIR; };
		0489D49B18CE75D100B41E20 /* XCTest.framework */ = {isa = PBXFileReference; lastKnownFileType = wrapper.framework; name = XCTest.framework; path = Library/Frameworks/XCTest.framework; sourceTree = DEVELOPER_DIR; };
		0489D4A318CE75D100B41E20 /* TestAppTests-Info.plist */ = {isa = PBXFileReference; lastKnownFileType = text.plist.xml; path = "TestAppTests-Info.plist"; sourceTree = "<group>"; };
		0489D4A518CE75D100B41E20 /* en */ = {isa = PBXFileReference; lastKnownFileType = text.plist.strings; name = en; path = en.lproj/InfoPlist.strings; sourceTree = "<group>"; };
		0489D4A718CE75D100B41E20 /* TestAppTests.m */ = {isa = PBXFileReference; lastKnownFileType = sourcecode.c.objc; path = TestAppTests.m; sourceTree = "<group>"; };
		0489D4B118CE764B00B41E20 /* FiftyThreeSdk.xcodeproj */ = {isa = PBXFileReference; lastKnownFileType = "wrapper.pb-project"; name = FiftyThreeSdk.xcodeproj; path = ../../FiftyThreeSdk/FiftyThreeSdk.xcodeproj; sourceTree = "<group>"; };
		0489D4B718CE766200B41E20 /* Core.xcodeproj */ = {isa = PBXFileReference; lastKnownFileType = "wrapper.pb-project"; name = Core.xcodeproj; path = ../../../Core/Core.xcodeproj; sourceTree = "<group>"; };
		0489D4C718CE780F00B41E20 /* TestApp.xcconfig */ = {isa = PBXFileReference; fileEncoding = 4; lastKnownFileType = text.xcconfig; path = TestApp.xcconfig; sourceTree = "<group>"; };
		0489D4C818CE780F00B41E20 /* TestAppDebug.xcconfig */ = {isa = PBXFileReference; fileEncoding = 4; lastKnownFileType = text.xcconfig; path = TestAppDebug.xcconfig; sourceTree = "<group>"; };
		0489D4C918CE780F00B41E20 /* TestAppProduction.xcconfig */ = {isa = PBXFileReference; fileEncoding = 4; lastKnownFileType = text.xcconfig; path = TestAppProduction.xcconfig; sourceTree = "<group>"; };
		0489D4CD18CE78A900B41E20 /* libc++.dylib */ = {isa = PBXFileReference; lastKnownFileType = "compiled.mach-o.dylib"; name = "libc++.dylib"; path = "usr/lib/libc++.dylib"; sourceTree = SDKROOT; };
		0489D4CF18CE78B400B41E20 /* CoreBluetooth.framework */ = {isa = PBXFileReference; lastKnownFileType = wrapper.framework; name = CoreBluetooth.framework; path = System/Library/Frameworks/CoreBluetooth.framework; sourceTree = SDKROOT; };
		049A0CD318E0B6F2005311FA /* FTASettingsViewController.h */ = {isa = PBXFileReference; fileEncoding = 4; lastKnownFileType = sourcecode.c.h; path = FTASettingsViewController.h; sourceTree = "<group>"; };
		049A0CD418E0B6F2005311FA /* FTASettingsViewController.m */ = {isa = PBXFileReference; fileEncoding = 4; lastKnownFileType = sourcecode.c.objc; path = FTASettingsViewController.m; sourceTree = "<group>"; };
		04C3133018D3828C008097D1 /* TestAppPreview.xcconfig */ = {isa = PBXFileReference; fileEncoding = 4; lastKnownFileType = text.xcconfig; path = TestAppPreview.xcconfig; sourceTree = "<group>"; };
		04C3133118D3828C008097D1 /* TestAppRelease.xcconfig */ = {isa = PBXFileReference; fileEncoding = 4; lastKnownFileType = text.xcconfig; path = TestAppRelease.xcconfig; sourceTree = "<group>"; };
		04C3133B18D3841B008097D1 /* QuartzCore.framework */ = {isa = PBXFileReference; lastKnownFileType = wrapper.framework; name = QuartzCore.framework; path = System/Library/Frameworks/QuartzCore.framework; sourceTree = SDKROOT; };
		04C3135B18D74E85008097D1 /* TrivialBlit.fsh */ = {isa = PBXFileReference; fileEncoding = 4; lastKnownFileType = sourcecode.glsl; name = TrivialBlit.fsh; path = Shaders/TrivialBlit.fsh; sourceTree = "<group>"; };
		04C3135C18D74E85008097D1 /* TrivialBlit.vsh */ = {isa = PBXFileReference; fileEncoding = 4; lastKnownFileType = sourcecode.glsl; name = TrivialBlit.vsh; path = Shaders/TrivialBlit.vsh; sourceTree = "<group>"; };
		15BB4DD018E9F705007BE707 /* FTADrawer.h */ = {isa = PBXFileReference; fileEncoding = 4; lastKnownFileType = sourcecode.c.h; path = FTADrawer.h; sourceTree = "<group>"; };
		15BB4DD118E9F705007BE707 /* FTADrawer.m */ = {isa = PBXFileReference; fileEncoding = 4; lastKnownFileType = sourcecode.c.objc; path = FTADrawer.m; sourceTree = "<group>"; };
		D4F525D81B9625020002B941 /* Default-568h@2x.png */ = {isa = PBXFileReference; lastKnownFileType = image.png; path = "Default-568h@2x.png"; sourceTree = "<group>"; };
/* End PBXFileReference section */

/* Begin PBXFrameworksBuildPhase section */
		0489D46E18CE75D100B41E20 /* Frameworks */ = {
			isa = PBXFrameworksBuildPhase;
			buildActionMask = 2147483647;
			files = (
				04C3133C18D3841B008097D1 /* QuartzCore.framework in Frameworks */,
				0489D4D018CE78B400B41E20 /* CoreBluetooth.framework in Frameworks */,
				0489D4CE18CE78A900B41E20 /* libc++.dylib in Frameworks */,
				0489D4C018CE767000B41E20 /* libCore.a in Frameworks */,
				0489D4C118CE767000B41E20 /* libFiftyThreeSdk.a in Frameworks */,
				0489D47D18CE75D100B41E20 /* OpenGLES.framework in Frameworks */,
				0489D47718CE75D100B41E20 /* CoreGraphics.framework in Frameworks */,
				0489D47918CE75D100B41E20 /* UIKit.framework in Frameworks */,
				0489D47B18CE75D100B41E20 /* GLKit.framework in Frameworks */,
				0489D47518CE75D100B41E20 /* Foundation.framework in Frameworks */,
			);
			runOnlyForDeploymentPostprocessing = 0;
		};
		0489D49718CE75D100B41E20 /* Frameworks */ = {
			isa = PBXFrameworksBuildPhase;
			buildActionMask = 2147483647;
			files = (
				0489D49C18CE75D100B41E20 /* XCTest.framework in Frameworks */,
				0489D49E18CE75D100B41E20 /* UIKit.framework in Frameworks */,
				0489D49D18CE75D100B41E20 /* Foundation.framework in Frameworks */,
			);
			runOnlyForDeploymentPostprocessing = 0;
		};
/* End PBXFrameworksBuildPhase section */

/* Begin PBXGroup section */
		0489D46818CE75D100B41E20 = {
			isa = PBXGroup;
			children = (
				D4F525D81B9625020002B941 /* Default-568h@2x.png */,
				0489D4C618CE77FA00B41E20 /* BuildConfigurations */,
				0489D47E18CE75D100B41E20 /* TestApp */,
				0489D4A118CE75D100B41E20 /* TestAppTests */,
				0489D47318CE75D100B41E20 /* Frameworks */,
				0489D47218CE75D100B41E20 /* Products */,
			);
			sourceTree = "<group>";
		};
		0489D47218CE75D100B41E20 /* Products */ = {
			isa = PBXGroup;
			children = (
				0489D47118CE75D100B41E20 /* SDKTest.app */,
				0489D49A18CE75D100B41E20 /* SDKTest.app */,
			);
			name = Products;
			sourceTree = "<group>";
		};
		0489D47318CE75D100B41E20 /* Frameworks */ = {
			isa = PBXGroup;
			children = (
				04C3133B18D3841B008097D1 /* QuartzCore.framework */,
				0489D4CF18CE78B400B41E20 /* CoreBluetooth.framework */,
				0489D4CD18CE78A900B41E20 /* libc++.dylib */,
				0489D4B718CE766200B41E20 /* Core.xcodeproj */,
				0489D4B118CE764B00B41E20 /* FiftyThreeSdk.xcodeproj */,
				0489D47418CE75D100B41E20 /* Foundation.framework */,
				0489D47618CE75D100B41E20 /* CoreGraphics.framework */,
				0489D47818CE75D100B41E20 /* UIKit.framework */,
				0489D47A18CE75D100B41E20 /* GLKit.framework */,
				0489D47C18CE75D100B41E20 /* OpenGLES.framework */,
				0489D49B18CE75D100B41E20 /* XCTest.framework */,
			);
			name = Frameworks;
			sourceTree = "<group>";
		};
		0489D47E18CE75D100B41E20 /* TestApp */ = {
			isa = PBXGroup;
			children = (
				0489D48718CE75D100B41E20 /* FTAAppDelegate.h */,
				0489D48818CE75D100B41E20 /* FTAAppDelegate.m */,
				15BB4DD018E9F705007BE707 /* FTADrawer.h */,
				15BB4DD118E9F705007BE707 /* FTADrawer.m */,
				049A0CD318E0B6F2005311FA /* FTASettingsViewController.h */,
				049A0CD418E0B6F2005311FA /* FTASettingsViewController.m */,
				041785DB18D21FDC007B1301 /* FTAUtil.h */,
				041785DC18D21FDC007B1301 /* FTAUtil.m */,
				0489D49118CE75D100B41E20 /* FTAViewController.h */,
				0489D49218CE75D100B41E20 /* FTAViewController.m */,
				0489D49418CE75D100B41E20 /* Images.xcassets */,
				0489D48A18CE75D100B41E20 /* Main.storyboard */,
				0489D47F18CE75D100B41E20 /* Supporting Files */,
				04C3135B18D74E85008097D1 /* TrivialBlit.fsh */,
				04C3135C18D74E85008097D1 /* TrivialBlit.vsh */,
				0489D48D18CE75D100B41E20 /* TrivialPointSprite.fsh */,
				0489D48F18CE75D100B41E20 /* TrivialPointSprite.vsh */,
			);
			path = TestApp;
			sourceTree = "<group>";
		};
		0489D47F18CE75D100B41E20 /* Supporting Files */ = {
			isa = PBXGroup;
			children = (
				0489D48018CE75D100B41E20 /* TestApp-Info.plist */,
				0489D48118CE75D100B41E20 /* InfoPlist.strings */,
				0489D48418CE75D100B41E20 /* main.m */,
				0489D48618CE75D100B41E20 /* TestApp-Prefix.pch */,
			);
			name = "Supporting Files";
			sourceTree = "<group>";
		};
		0489D4A118CE75D100B41E20 /* TestAppTests */ = {
			isa = PBXGroup;
			children = (
				0489D4A718CE75D100B41E20 /* TestAppTests.m */,
				0489D4A218CE75D100B41E20 /* Supporting Files */,
			);
			path = TestAppTests;
			sourceTree = "<group>";
		};
		0489D4A218CE75D100B41E20 /* Supporting Files */ = {
			isa = PBXGroup;
			children = (
				0489D4A318CE75D100B41E20 /* TestAppTests-Info.plist */,
				0489D4A418CE75D100B41E20 /* InfoPlist.strings */,
			);
			name = "Supporting Files";
			sourceTree = "<group>";
		};
		0489D4B218CE764B00B41E20 /* Products */ = {
			isa = PBXGroup;
			children = (
				0489D4B618CE764B00B41E20 /* libFiftyThreeSdk.a */,
			);
			name = Products;
			sourceTree = "<group>";
		};
		0489D4B818CE766200B41E20 /* Products */ = {
			isa = PBXGroup;
			children = (
				0489D4BD18CE766200B41E20 /* libCore.a */,
				0489D4BF18CE766200B41E20 /* Core.xctest */,
			);
			name = Products;
			sourceTree = "<group>";
		};
		0489D4C618CE77FA00B41E20 /* BuildConfigurations */ = {
			isa = PBXGroup;
			children = (
				04C3133018D3828C008097D1 /* TestAppPreview.xcconfig */,
				04C3133118D3828C008097D1 /* TestAppRelease.xcconfig */,
				0489D4C718CE780F00B41E20 /* TestApp.xcconfig */,
				0489D4C818CE780F00B41E20 /* TestAppDebug.xcconfig */,
				0489D4C918CE780F00B41E20 /* TestAppProduction.xcconfig */,
			);
			name = BuildConfigurations;
			sourceTree = "<group>";
		};
/* End PBXGroup section */

/* Begin PBXNativeTarget section */
		0489D47018CE75D100B41E20 /* TestApp */ = {
			isa = PBXNativeTarget;
			buildConfigurationList = 0489D4AB18CE75D100B41E20 /* Build configuration list for PBXNativeTarget "TestApp" */;
			buildPhases = (
				0489D46D18CE75D100B41E20 /* Sources */,
				0489D46E18CE75D100B41E20 /* Frameworks */,
				0489D46F18CE75D100B41E20 /* Resources */,
			);
			buildRules = (
			);
			dependencies = (
				0489D4C518CE767E00B41E20 /* PBXTargetDependency */,
				0489D4C318CE767A00B41E20 /* PBXTargetDependency */,
			);
			name = TestApp;
			productName = TestApp;
			productReference = 0489D47118CE75D100B41E20 /* SDKTest.app */;
			productType = "com.apple.product-type.application";
		};
		0489D49918CE75D100B41E20 /* TestAppTests */ = {
			isa = PBXNativeTarget;
			buildConfigurationList = 0489D4AE18CE75D100B41E20 /* Build configuration list for PBXNativeTarget "TestAppTests" */;
			buildPhases = (
				0489D49618CE75D100B41E20 /* Sources */,
				0489D49718CE75D100B41E20 /* Frameworks */,
				0489D49818CE75D100B41E20 /* Resources */,
			);
			buildRules = (
			);
			dependencies = (
				0489D4A018CE75D100B41E20 /* PBXTargetDependency */,
			);
			name = TestAppTests;
			productName = TestAppTests;
			productReference = 0489D49A18CE75D100B41E20 /* SDKTest.app */;
			productType = "com.apple.product-type.bundle.unit-test";
		};
/* End PBXNativeTarget section */

/* Begin PBXProject section */
		0489D46918CE75D100B41E20 /* Project object */ = {
			isa = PBXProject;
			attributes = {
				CLASSPREFIX = FTA;
				LastUpgradeCheck = 0640;
				ORGANIZATIONNAME = FiftyThree;
				TargetAttributes = {
					0489D49918CE75D100B41E20 = {
						TestTargetID = 0489D47018CE75D100B41E20;
					};
				};
			};
			buildConfigurationList = 0489D46C18CE75D100B41E20 /* Build configuration list for PBXProject "TestApp" */;
			compatibilityVersion = "Xcode 3.2";
			developmentRegion = English;
			hasScannedForEncodings = 0;
			knownRegions = (
				en,
				Base,
			);
			mainGroup = 0489D46818CE75D100B41E20;
			productRefGroup = 0489D47218CE75D100B41E20 /* Products */;
			projectDirPath = "";
			projectReferences = (
				{
					ProductGroup = 0489D4B818CE766200B41E20 /* Products */;
					ProjectRef = 0489D4B718CE766200B41E20 /* Core.xcodeproj */;
				},
				{
					ProductGroup = 0489D4B218CE764B00B41E20 /* Products */;
					ProjectRef = 0489D4B118CE764B00B41E20 /* FiftyThreeSdk.xcodeproj */;
				},
			);
			projectRoot = "";
			targets = (
				0489D47018CE75D100B41E20 /* TestApp */,
				0489D49918CE75D100B41E20 /* TestAppTests */,
			);
		};
/* End PBXProject section */

/* Begin PBXReferenceProxy section */
		0489D4B618CE764B00B41E20 /* libFiftyThreeSdk.a */ = {
			isa = PBXReferenceProxy;
			fileType = archive.ar;
			path = libFiftyThreeSdk.a;
			remoteRef = 0489D4B518CE764B00B41E20 /* PBXContainerItemProxy */;
			sourceTree = BUILT_PRODUCTS_DIR;
		};
		0489D4BD18CE766200B41E20 /* libCore.a */ = {
			isa = PBXReferenceProxy;
			fileType = archive.ar;
			path = libCore.a;
			remoteRef = 0489D4BC18CE766200B41E20 /* PBXContainerItemProxy */;
			sourceTree = BUILT_PRODUCTS_DIR;
		};
		0489D4BF18CE766200B41E20 /* Core.xctest */ = {
			isa = PBXReferenceProxy;
			fileType = wrapper.cfbundle;
			path = Core.xctest;
			remoteRef = 0489D4BE18CE766200B41E20 /* PBXContainerItemProxy */;
			sourceTree = BUILT_PRODUCTS_DIR;
		};
/* End PBXReferenceProxy section */

/* Begin PBXResourcesBuildPhase section */
		0489D46F18CE75D100B41E20 /* Resources */ = {
			isa = PBXResourcesBuildPhase;
			buildActionMask = 2147483647;
			files = (
				04BD4AD418D74EC4003FCCCF /* TrivialBlit.fsh in Resources */,
				04BD4AD518D74EC4003FCCCF /* TrivialBlit.vsh in Resources */,
				0489D49018CE75D100B41E20 /* TrivialPointSprite.vsh in Resources */,
				0489D49518CE75D100B41E20 /* Images.xcassets in Resources */,
				0489D48E18CE75D100B41E20 /* TrivialPointSprite.fsh in Resources */,
				D4F525D91B9625020002B941 /* Default-568h@2x.png in Resources */,
				0489D48318CE75D100B41E20 /* InfoPlist.strings in Resources */,
				0489D48C18CE75D100B41E20 /* Main.storyboard in Resources */,
			);
			runOnlyForDeploymentPostprocessing = 0;
		};
		0489D49818CE75D100B41E20 /* Resources */ = {
			isa = PBXResourcesBuildPhase;
			buildActionMask = 2147483647;
			files = (
				0489D4A618CE75D100B41E20 /* InfoPlist.strings in Resources */,
			);
			runOnlyForDeploymentPostprocessing = 0;
		};
/* End PBXResourcesBuildPhase section */

/* Begin PBXSourcesBuildPhase section */
		0489D46D18CE75D100B41E20 /* Sources */ = {
			isa = PBXSourcesBuildPhase;
			buildActionMask = 2147483647;
			files = (
				049A0CD518E0B6F2005311FA /* FTASettingsViewController.m in Sources */,
				0489D48918CE75D100B41E20 /* FTAAppDelegate.m in Sources */,
				15BB4DD218E9F705007BE707 /* FTADrawer.m in Sources */,
				041785DD18D21FDC007B1301 /* FTAUtil.m in Sources */,
				0489D49318CE75D100B41E20 /* FTAViewController.m in Sources */,
				0489D48518CE75D100B41E20 /* main.m in Sources */,
			);
			runOnlyForDeploymentPostprocessing = 0;
		};
		0489D49618CE75D100B41E20 /* Sources */ = {
			isa = PBXSourcesBuildPhase;
			buildActionMask = 2147483647;
			files = (
				0489D4A818CE75D100B41E20 /* TestAppTests.m in Sources */,
			);
			runOnlyForDeploymentPostprocessing = 0;
		};
/* End PBXSourcesBuildPhase section */

/* Begin PBXTargetDependency section */
		0489D4A018CE75D100B41E20 /* PBXTargetDependency */ = {
			isa = PBXTargetDependency;
			target = 0489D47018CE75D100B41E20 /* TestApp */;
			targetProxy = 0489D49F18CE75D100B41E20 /* PBXContainerItemProxy */;
		};
		0489D4C318CE767A00B41E20 /* PBXTargetDependency */ = {
			isa = PBXTargetDependency;
			name = Core;
			targetProxy = 0489D4C218CE767A00B41E20 /* PBXContainerItemProxy */;
		};
		0489D4C518CE767E00B41E20 /* PBXTargetDependency */ = {
			isa = PBXTargetDependency;
			name = FiftyThreeSdk;
			targetProxy = 0489D4C418CE767E00B41E20 /* PBXContainerItemProxy */;
		};
/* End PBXTargetDependency section */

/* Begin PBXVariantGroup section */
		0489D48118CE75D100B41E20 /* InfoPlist.strings */ = {
			isa = PBXVariantGroup;
			children = (
				0489D48218CE75D100B41E20 /* en */,
			);
			name = InfoPlist.strings;
			sourceTree = "<group>";
		};
		0489D48A18CE75D100B41E20 /* Main.storyboard */ = {
			isa = PBXVariantGroup;
			children = (
				0489D48B18CE75D100B41E20 /* Base */,
			);
			name = Main.storyboard;
			sourceTree = "<group>";
		};
		0489D4A418CE75D100B41E20 /* InfoPlist.strings */ = {
			isa = PBXVariantGroup;
			children = (
				0489D4A518CE75D100B41E20 /* en */,
			);
			name = InfoPlist.strings;
			sourceTree = "<group>";
		};
/* End PBXVariantGroup section */

/* Begin XCBuildConfiguration section */
		0489D4A918CE75D100B41E20 /* Debug */ = {
			isa = XCBuildConfiguration;
			baseConfigurationReference = 0489D4C818CE780F00B41E20 /* TestAppDebug.xcconfig */;
			buildSettings = {
			};
			name = Debug;
		};
		0489D4AA18CE75D100B41E20 /* Release */ = {
			isa = XCBuildConfiguration;
			baseConfigurationReference = 04C3133118D3828C008097D1 /* TestAppRelease.xcconfig */;
			buildSettings = {
			};
			name = Release;
		};
		0489D4AC18CE75D100B41E20 /* Debug */ = {
			isa = XCBuildConfiguration;
			baseConfigurationReference = 0489D4C818CE780F00B41E20 /* TestAppDebug.xcconfig */;
			buildSettings = {
				TARGETED_DEVICE_FAMILY = "1,2";
			};
			name = Debug;
		};
		0489D4AD18CE75D100B41E20 /* Release */ = {
			isa = XCBuildConfiguration;
			baseConfigurationReference = 04C3133118D3828C008097D1 /* TestAppRelease.xcconfig */;
			buildSettings = {
				TARGETED_DEVICE_FAMILY = "1,2";
			};
			name = Release;
		};
		0489D4AF18CE75D100B41E20 /* Debug */ = {
			isa = XCBuildConfiguration;
			baseConfigurationReference = 0489D4C818CE780F00B41E20 /* TestAppDebug.xcconfig */;
			buildSettings = {
			};
			name = Debug;
		};
		0489D4B018CE75D100B41E20 /* Release */ = {
			isa = XCBuildConfiguration;
			baseConfigurationReference = 04C3133118D3828C008097D1 /* TestAppRelease.xcconfig */;
			buildSettings = {
			};
			name = Release;
		};
		04C3132918D381B6008097D1 /* Production */ = {
			isa = XCBuildConfiguration;
			baseConfigurationReference = 0489D4C918CE780F00B41E20 /* TestAppProduction.xcconfig */;
			buildSettings = {
			};
			name = Production;
		};
		04C3132A18D381B6008097D1 /* Production */ = {
			isa = XCBuildConfiguration;
			baseConfigurationReference = 0489D4C918CE780F00B41E20 /* TestAppProduction.xcconfig */;
			buildSettings = {
				TARGETED_DEVICE_FAMILY = "1,2";
			};
			name = Production;
		};
		04C3132B18D381B6008097D1 /* Production */ = {
			isa = XCBuildConfiguration;
			baseConfigurationReference = 0489D4C918CE780F00B41E20 /* TestAppProduction.xcconfig */;
			buildSettings = {
			};
			name = Production;
		};
		04C3132C18D381C8008097D1 /* Preview */ = {
			isa = XCBuildConfiguration;
			baseConfigurationReference = 04C3133018D3828C008097D1 /* TestAppPreview.xcconfig */;
			buildSettings = {
			};
			name = Preview;
		};
		04C3132D18D381C8008097D1 /* Preview */ = {
			isa = XCBuildConfiguration;
			baseConfigurationReference = 04C3133018D3828C008097D1 /* TestAppPreview.xcconfig */;
			buildSettings = {
				TARGETED_DEVICE_FAMILY = "1,2";
			};
			name = Preview;
		};
		04C3132E18D381C8008097D1 /* Preview */ = {
			isa = XCBuildConfiguration;
			baseConfigurationReference = 04C3133018D3828C008097D1 /* TestAppPreview.xcconfig */;
			buildSettings = {
			};
			name = Preview;
		};
/* End XCBuildConfiguration section */

/* Begin XCConfigurationList section */
		0489D46C18CE75D100B41E20 /* Build configuration list for PBXProject "TestApp" */ = {
			isa = XCConfigurationList;
			buildConfigurations = (
				0489D4A918CE75D100B41E20 /* Debug */,
				0489D4AA18CE75D100B41E20 /* Release */,
				04C3132C18D381C8008097D1 /* Preview */,
				04C3132918D381B6008097D1 /* Production */,
			);
			defaultConfigurationIsVisible = 0;
			defaultConfigurationName = Production;
		};
		0489D4AB18CE75D100B41E20 /* Build configuration list for PBXNativeTarget "TestApp" */ = {
			isa = XCConfigurationList;
			buildConfigurations = (
				0489D4AC18CE75D100B41E20 /* Debug */,
				0489D4AD18CE75D100B41E20 /* Release */,
				04C3132D18D381C8008097D1 /* Preview */,
				04C3132A18D381B6008097D1 /* Production */,
			);
			defaultConfigurationIsVisible = 0;
			defaultConfigurationName = Production;
		};
		0489D4AE18CE75D100B41E20 /* Build configuration list for PBXNativeTarget "TestAppTests" */ = {
			isa = XCConfigurationList;
			buildConfigurations = (
				0489D4AF18CE75D100B41E20 /* Debug */,
				0489D4B018CE75D100B41E20 /* Release */,
				04C3132E18D381C8008097D1 /* Preview */,
				04C3132B18D381B6008097D1 /* Production */,
			);
			defaultConfigurationIsVisible = 0;
			defaultConfigurationName = Production;
		};
/* End XCConfigurationList section */
	};
	rootObject = 0489D46918CE75D100B41E20 /* Project object */;
}
