// !$*UTF8*$!
{
	archiveVersion = 1;
	classes = {
	};
	objectVersion = 46;
	objects = {

/* Begin PBXBuildFile section */
		34986FD3174FAC8E00A3088E /* libFiftyThreeSdk.a in Frameworks */ = {isa = PBXBuildFile; fileRef = 34986FC7174FAC5000A3088E /* libFiftyThreeSdk.a */; };
		34987009174FB20700A3088E /* libAFNetworking.a in Frameworks */ = {isa = PBXBuildFile; fileRef = 34987000174FB1CC00A3088E /* libAFNetworking.a */; };
		3498700A174FB20700A3088E /* libCanvas.a in Frameworks */ = {isa = PBXBuildFile; fileRef = 34986FF2174FB1B500A3088E /* libCanvas.a */; };
		3498700B174FB20700A3088E /* libCommon.a in Frameworks */ = {isa = PBXBuildFile; fileRef = 34986FE9174FB1A700A3088E /* libCommon.a */; };
		3498700C174FB20700A3088E /* libGlobalSettings.a in Frameworks */ = {isa = PBXBuildFile; fileRef = 34986FFA174FB1BF00A3088E /* libGlobalSettings.a */; };
		349A6448174FD8EC0071D899 /* Paper_Icon-72.png in Resources */ = {isa = PBXBuildFile; fileRef = 349A6442174FD8EC0071D899 /* Paper_Icon-72.png */; };
		349A6449174FD8EC0071D899 /* Paper_Icon-72@2x.png in Resources */ = {isa = PBXBuildFile; fileRef = 349A6443174FD8EC0071D899 /* Paper_Icon-72@2x.png */; };
		6632313C16F8B1CA008AD3DC /* MobileCoreServices.framework in Frameworks */ = {isa = PBXBuildFile; fileRef = 6632313B16F8B1CA008AD3DC /* MobileCoreServices.framework */; };
		6632313E16F8B213008AD3DC /* boost.framework in Frameworks */ = {isa = PBXBuildFile; fileRef = 6644317416F7FC680049E570 /* boost.framework */; };
		6632314016F8B9F2008AD3DC /* libT1PogoManager.a in Frameworks */ = {isa = PBXBuildFile; fileRef = 6632313F16F8B9F2008AD3DC /* libT1PogoManager.a */; };
		6632314116F8B9FD008AD3DC /* AVFoundation.framework in Frameworks */ = {isa = PBXBuildFile; fileRef = 6644317B16F7FE2E0049E570 /* AVFoundation.framework */; };
		6644311416F3C8390049E570 /* SenTestingKit.framework in Frameworks */ = {isa = PBXBuildFile; fileRef = 6644311316F3C8390049E570 /* SenTestingKit.framework */; };
		6644311516F3C8390049E570 /* UIKit.framework in Frameworks */ = {isa = PBXBuildFile; fileRef = 66A47BF316D835C90016B31C /* UIKit.framework */; };
		6644311616F3C8390049E570 /* Foundation.framework in Frameworks */ = {isa = PBXBuildFile; fileRef = 66A47BF516D835C90016B31C /* Foundation.framework */; };
		6644311C16F3C8390049E570 /* InfoPlist.strings in Resources */ = {isa = PBXBuildFile; fileRef = 6644311A16F3C8390049E570 /* InfoPlist.strings */; };
		6644313416F3CC2C0049E570 /* SenAsyncTestCase.m in Sources */ = {isa = PBXBuildFile; fileRef = 6644313316F3CC2C0049E570 /* SenAsyncTestCase.m */; settings = {COMPILER_FLAGS = "-fno-objc-arc"; }; };
		6644315216F3D1640049E570 /* AppDelegate.m in Sources */ = {isa = PBXBuildFile; fileRef = 6644313716F3D1640049E570 /* AppDelegate.m */; };
		6644315316F3D1640049E570 /* BTLECentralViewController.mm in Sources */ = {isa = PBXBuildFile; fileRef = 6644313916F3D1640049E570 /* BTLECentralViewController.mm */; };
		6644315416F3D1640049E570 /* BTLEPeripheralViewController.mm in Sources */ = {isa = PBXBuildFile; fileRef = 6644313B16F3D1640049E570 /* BTLEPeripheralViewController.mm */; };
		6644315616F3D1640049E570 /* Default-568h@2x.png in Resources */ = {isa = PBXBuildFile; fileRef = 6644314016F3D1640049E570 /* Default-568h@2x.png */; };
		6644315716F3D1640049E570 /* Default.png in Resources */ = {isa = PBXBuildFile; fileRef = 6644314116F3D1640049E570 /* Default.png */; };
		6644315816F3D1640049E570 /* Default@2x.png in Resources */ = {isa = PBXBuildFile; fileRef = 6644314216F3D1640049E570 /* Default@2x.png */; };
		6644315B16F3D1640049E570 /* FTConnectLatencyTester.m in Sources */ = {isa = PBXBuildFile; fileRef = 6644314916F3D1640049E570 /* FTConnectLatencyTester.m */; };
		6644315C16F3D1640049E570 /* FTPenService.m in Sources */ = {isa = PBXBuildFile; fileRef = 6644314B16F3D1640049E570 /* FTPenService.m */; };
		6644315D16F3D1640049E570 /* main.m in Sources */ = {isa = PBXBuildFile; fileRef = 6644314D16F3D1640049E570 /* main.m */; };
		6644315E16F3D1640049E570 /* MainStoryboard_iPad.storyboard in Resources */ = {isa = PBXBuildFile; fileRef = 6644314E16F3D1640049E570 /* MainStoryboard_iPad.storyboard */; };
		6644315F16F3D1640049E570 /* MainStoryboard_iPhone.storyboard in Resources */ = {isa = PBXBuildFile; fileRef = 6644314F16F3D1640049E570 /* MainStoryboard_iPhone.storyboard */; };
		6644316016F3D1640049E570 /* TiUpdateService.m in Sources */ = {isa = PBXBuildFile; fileRef = 6644315116F3D1640049E570 /* TiUpdateService.m */; };
		6644316916F3D24B0049E570 /* InfoPlist.strings in Resources */ = {isa = PBXBuildFile; fileRef = 6644316716F3D24B0049E570 /* InfoPlist.strings */; };
		6644317816F7FDD30049E570 /* libz.dylib in Frameworks */ = {isa = PBXBuildFile; fileRef = 6644317716F7FDD30049E570 /* libz.dylib */; };
		6644317A16F7FE190049E570 /* CoreText.framework in Frameworks */ = {isa = PBXBuildFile; fileRef = 6644317916F7FE190049E570 /* CoreText.framework */; };
		6644318016F7FE570049E570 /* OpenGLES.framework in Frameworks */ = {isa = PBXBuildFile; fileRef = 6644317F16F7FE570049E570 /* OpenGLES.framework */; };
		6644318216F7FF260049E570 /* libsqlite3.dylib in Frameworks */ = {isa = PBXBuildFile; fileRef = 6644318116F7FF260049E570 /* libsqlite3.dylib */; };
		6644318416F7FF560049E570 /* Security.framework in Frameworks */ = {isa = PBXBuildFile; fileRef = 6644318316F7FF560049E570 /* Security.framework */; };
		6644318A16F7FFE30049E570 /* CoreData.framework in Frameworks */ = {isa = PBXBuildFile; fileRef = 6644318916F7FFE30049E570 /* CoreData.framework */; };
		6644319916F8047E0049E570 /* SystemConfiguration.framework in Frameworks */ = {isa = PBXBuildFile; fileRef = 6644319816F8047E0049E570 /* SystemConfiguration.framework */; };
		6644319B16F804B20049E570 /* QuartzCore.framework in Frameworks */ = {isa = PBXBuildFile; fileRef = 6644319A16F804B20049E570 /* QuartzCore.framework */; };
		665C61DB1714974D00E70FB4 /* MessageUI.framework in Frameworks */ = {isa = PBXBuildFile; fileRef = 665C61DA1714974D00E70FB4 /* MessageUI.framework */; };
		666FBEEA170A38EA0068551E /* FTTouchTests.mm in Sources */ = {isa = PBXBuildFile; fileRef = 666FBEE9170A38EA0068551E /* FTTouchTests.mm */; };
		6687E3321718B4C3005ACFA3 /* NSFileHandle+readLine.m in Sources */ = {isa = PBXBuildFile; fileRef = 6687E3311718B4C3005ACFA3 /* NSFileHandle+readLine.m */; settings = {COMPILER_FLAGS = "-fno-objc-arc"; }; };
		668F6D5A17024021002C548B /* CoreVideo.framework in Frameworks */ = {isa = PBXBuildFile; fileRef = 6644319616F802C80049E570 /* CoreVideo.framework */; };
		668F6DE917037361002C548B /* Textures in Resources */ = {isa = PBXBuildFile; fileRef = 668F6DE817037361002C548B /* Textures */; };
		668F6DEB17037376002C548B /* Shaders in Resources */ = {isa = PBXBuildFile; fileRef = 668F6DEA17037376002C548B /* Shaders */; };
		669CA621171F034A006596F0 /* charcoal-upgrade.bin in Resources */ = {isa = PBXBuildFile; fileRef = 669CA620171F034A006596F0 /* charcoal-upgrade.bin */; };
		66A47BF416D835C90016B31C /* UIKit.framework in Frameworks */ = {isa = PBXBuildFile; fileRef = 66A47BF316D835C90016B31C /* UIKit.framework */; };
		66A47BF616D835C90016B31C /* Foundation.framework in Frameworks */ = {isa = PBXBuildFile; fileRef = 66A47BF516D835C90016B31C /* Foundation.framework */; };
		66A47BF816D835C90016B31C /* CoreGraphics.framework in Frameworks */ = {isa = PBXBuildFile; fileRef = 66A47BF716D835C90016B31C /* CoreGraphics.framework */; };
		66A47C1B16D843250016B31C /* CoreBluetooth.framework in Frameworks */ = {isa = PBXBuildFile; fileRef = 66A47C1A16D843250016B31C /* CoreBluetooth.framework */; };
		66C83D701704F9DD00789776 /* FTLatencyTouchClassfierTests.mm in Sources */ = {isa = PBXBuildFile; fileRef = 66C83D6F1704F9DD00789776 /* FTLatencyTouchClassfierTests.mm */; };
		66C83D751704FDB700789776 /* boost.framework in Frameworks */ = {isa = PBXBuildFile; fileRef = 6644317416F7FC680049E570 /* boost.framework */; };
		66D2CBD8171C8B01008E1526 /* strokedata-3.prd in Resources */ = {isa = PBXBuildFile; fileRef = 66D2CBD6171C8AB5008E1526 /* strokedata-3.prd */; };
		66FC1EE21725DC7500B9B9E7 /* charcoal-factory.bin in Resources */ = {isa = PBXBuildFile; fileRef = 66FC1EE11725DC7500B9B9E7 /* charcoal-factory.bin */; };
/* End PBXBuildFile section */

/* Begin PBXContainerItemProxy section */
		34986FC6174FAC5000A3088E /* PBXContainerItemProxy */ = {
			isa = PBXContainerItemProxy;
			containerPortal = 34986FC2174FAC4F00A3088E /* FiftyThreeSdk.xcodeproj */;
			proxyType = 2;
			remoteGlobalIDString = 66A8387116E52D840048FFE4;
			remoteInfo = FiftyThreeSdk;
		};
		34986FD1174FAC8A00A3088E /* PBXContainerItemProxy */ = {
			isa = PBXContainerItemProxy;
			containerPortal = 34986FC2174FAC4F00A3088E /* FiftyThreeSdk.xcodeproj */;
			proxyType = 1;
			remoteGlobalIDString = 66A8387016E52D840048FFE4;
			remoteInfo = FiftyThreeSdk;
		};
		34986FE8174FB1A700A3088E /* PBXContainerItemProxy */ = {
			isa = PBXContainerItemProxy;
			containerPortal = 34986FE3174FB1A600A3088E /* Common.xcodeproj */;
			proxyType = 2;
			remoteGlobalIDString = B96AD1D213949F8F0036028E;
			remoteInfo = Common;
		};
		34986FEA174FB1A700A3088E /* PBXContainerItemProxy */ = {
			isa = PBXContainerItemProxy;
			containerPortal = 34986FE3174FB1A600A3088E /* Common.xcodeproj */;
			proxyType = 2;
			remoteGlobalIDString = B96AD1DF13949F8F0036028E;
			remoteInfo = CommonTests;
		};
		34986FF1174FB1B500A3088E /* PBXContainerItemProxy */ = {
			isa = PBXContainerItemProxy;
			containerPortal = 34986FEC174FB1B400A3088E /* Canvas.xcodeproj */;
			proxyType = 2;
			remoteGlobalIDString = B9F296FB14DB374D00D204D9;
			remoteInfo = Canvas;
		};
		34986FF3174FB1B500A3088E /* PBXContainerItemProxy */ = {
			isa = PBXContainerItemProxy;
			containerPortal = 34986FEC174FB1B400A3088E /* Canvas.xcodeproj */;
			proxyType = 2;
			remoteGlobalIDString = B9F2970B14DB374D00D204D9;
			remoteInfo = CanvasTests;
		};
		34986FF9174FB1BF00A3088E /* PBXContainerItemProxy */ = {
			isa = PBXContainerItemProxy;
			containerPortal = 34986FF5174FB1BF00A3088E /* GlobalSettings.xcodeproj */;
			proxyType = 2;
			remoteGlobalIDString = 34576CFB1608CBB800825F06;
			remoteInfo = GlobalSettings;
		};
		34986FFF174FB1CC00A3088E /* PBXContainerItemProxy */ = {
			isa = PBXContainerItemProxy;
			containerPortal = 34986FFB174FB1CB00A3088E /* AFNetworking.xcodeproj */;
			proxyType = 2;
			remoteGlobalIDString = 3CE2FE69164AE1AF008DD18E;
			remoteInfo = AFNetworking;
		};
		34987001174FB1FF00A3088E /* PBXContainerItemProxy */ = {
			isa = PBXContainerItemProxy;
			containerPortal = 34986FE3174FB1A600A3088E /* Common.xcodeproj */;
			proxyType = 1;
			remoteGlobalIDString = B96AD1D113949F8F0036028E;
			remoteInfo = Common;
		};
		34987003174FB1FF00A3088E /* PBXContainerItemProxy */ = {
			isa = PBXContainerItemProxy;
			containerPortal = 34986FEC174FB1B400A3088E /* Canvas.xcodeproj */;
			proxyType = 1;
			remoteGlobalIDString = B9F296FA14DB374D00D204D9;
			remoteInfo = Canvas;
		};
		34987005174FB1FF00A3088E /* PBXContainerItemProxy */ = {
			isa = PBXContainerItemProxy;
			containerPortal = 34986FF5174FB1BF00A3088E /* GlobalSettings.xcodeproj */;
			proxyType = 1;
			remoteGlobalIDString = 34576CFA1608CBB800825F06;
			remoteInfo = GlobalSettings;
		};
		34987007174FB1FF00A3088E /* PBXContainerItemProxy */ = {
			isa = PBXContainerItemProxy;
			containerPortal = 34986FFB174FB1CB00A3088E /* AFNetworking.xcodeproj */;
			proxyType = 1;
			remoteGlobalIDString = 3CE2FE68164AE1AF008DD18E;
			remoteInfo = AFNetworking;
		};
/* End PBXContainerItemProxy section */

/* Begin PBXFileReference section */
		34986FC2174FAC4F00A3088E /* FiftyThreeSdk.xcodeproj */ = {isa = PBXFileReference; lastKnownFileType = "wrapper.pb-project"; name = FiftyThreeSdk.xcodeproj; path = ../FiftyThreeSdk/FiftyThreeSdk.xcodeproj; sourceTree = "<group>"; };
		34986FE3174FB1A600A3088E /* Common.xcodeproj */ = {isa = PBXFileReference; lastKnownFileType = "wrapper.pb-project"; name = Common.xcodeproj; path = ../../Common/Common.xcodeproj; sourceTree = "<group>"; };
		34986FEC174FB1B400A3088E /* Canvas.xcodeproj */ = {isa = PBXFileReference; lastKnownFileType = "wrapper.pb-project"; name = Canvas.xcodeproj; path = ../../Canvas/Canvas.xcodeproj; sourceTree = "<group>"; };
		34986FF5174FB1BF00A3088E /* GlobalSettings.xcodeproj */ = {isa = PBXFileReference; lastKnownFileType = "wrapper.pb-project"; name = GlobalSettings.xcodeproj; path = ../../GlobalSettings/GlobalSettings.xcodeproj; sourceTree = "<group>"; };
		34986FFB174FB1CB00A3088E /* AFNetworking.xcodeproj */ = {isa = PBXFileReference; lastKnownFileType = "wrapper.pb-project"; name = AFNetworking.xcodeproj; path = ../../AFNetworking/AFNetworking.xcodeproj; sourceTree = "<group>"; };
		349A6442174FD8EC0071D899 /* Paper_Icon-72.png */ = {isa = PBXFileReference; lastKnownFileType = image.png; name = "Paper_Icon-72.png"; path = "FiftyThreeSdkTestApp/Paper_Icon-72.png"; sourceTree = SOURCE_ROOT; };
		349A6443174FD8EC0071D899 /* Paper_Icon-72@2x.png */ = {isa = PBXFileReference; lastKnownFileType = image.png; name = "Paper_Icon-72@2x.png"; path = "FiftyThreeSdkTestApp/Paper_Icon-72@2x.png"; sourceTree = SOURCE_ROOT; };
		6632313B16F8B1CA008AD3DC /* MobileCoreServices.framework */ = {isa = PBXFileReference; lastKnownFileType = wrapper.framework; name = MobileCoreServices.framework; path = System/Library/Frameworks/MobileCoreServices.framework; sourceTree = SDKROOT; };
		6632313F16F8B9F2008AD3DC /* libT1PogoManager.a */ = {isa = PBXFileReference; lastKnownFileType = archive.ar; name = libT1PogoManager.a; path = ../../ThirdParty/PogoConnect/libT1PogoManager.a; sourceTree = "<group>"; };
		6644311216F3C8390049E570 /* FiftyThreeSdkTests.octest */ = {isa = PBXFileReference; explicitFileType = wrapper.cfbundle; includeInIndex = 0; path = FiftyThreeSdkTests.octest; sourceTree = BUILT_PRODUCTS_DIR; };
		6644311316F3C8390049E570 /* SenTestingKit.framework */ = {isa = PBXFileReference; lastKnownFileType = wrapper.framework; name = SenTestingKit.framework; path = Library/Frameworks/SenTestingKit.framework; sourceTree = DEVELOPER_DIR; };
		6644311916F3C8390049E570 /* FiftyThreeSdkTests-Info.plist */ = {isa = PBXFileReference; lastKnownFileType = text.plist.xml; path = "FiftyThreeSdkTests-Info.plist"; sourceTree = "<group>"; };
		6644311B16F3C8390049E570 /* en */ = {isa = PBXFileReference; lastKnownFileType = text.plist.strings; name = en; path = en.lproj/InfoPlist.strings; sourceTree = "<group>"; };
		6644312016F3C8390049E570 /* FiftyThreeSdkTests-Prefix.pch */ = {isa = PBXFileReference; lastKnownFileType = sourcecode.c.h; path = "FiftyThreeSdkTests-Prefix.pch"; sourceTree = "<group>"; };
		6644312616F3C86C0049E570 /* FiftyThreeSdkTests.h */ = {isa = PBXFileReference; fileEncoding = 4; lastKnownFileType = sourcecode.c.h; path = FiftyThreeSdkTests.h; sourceTree = "<group>"; };
		6644312716F3C86C0049E570 /* FiftyThreeSdkTests.m */ = {isa = PBXFileReference; fileEncoding = 4; lastKnownFileType = sourcecode.c.objc; path = FiftyThreeSdkTests.m; sourceTree = "<group>"; };
		6644313216F3CC2C0049E570 /* SenAsyncTestCase.h */ = {isa = PBXFileReference; fileEncoding = 4; lastKnownFileType = sourcecode.c.h; path = SenAsyncTestCase.h; sourceTree = "<group>"; };
		6644313316F3CC2C0049E570 /* SenAsyncTestCase.m */ = {isa = PBXFileReference; fileEncoding = 4; lastKnownFileType = sourcecode.c.objc; path = SenAsyncTestCase.m; sourceTree = "<group>"; };
		6644313616F3D1640049E570 /* AppDelegate.h */ = {isa = PBXFileReference; fileEncoding = 4; lastKnownFileType = sourcecode.c.h; name = AppDelegate.h; path = FiftyThreeSdkTestApp/AppDelegate.h; sourceTree = SOURCE_ROOT; };
		6644313716F3D1640049E570 /* AppDelegate.m */ = {isa = PBXFileReference; fileEncoding = 4; lastKnownFileType = sourcecode.c.objc; name = AppDelegate.m; path = FiftyThreeSdkTestApp/AppDelegate.m; sourceTree = SOURCE_ROOT; };
		6644313816F3D1640049E570 /* BTLECentralViewController.h */ = {isa = PBXFileReference; fileEncoding = 4; lastKnownFileType = sourcecode.c.h; name = BTLECentralViewController.h; path = FiftyThreeSdkTestApp/BTLECentralViewController.h; sourceTree = SOURCE_ROOT; };
		6644313916F3D1640049E570 /* BTLECentralViewController.mm */ = {isa = PBXFileReference; fileEncoding = 4; lastKnownFileType = sourcecode.cpp.objcpp; name = BTLECentralViewController.mm; path = FiftyThreeSdkTestApp/BTLECentralViewController.mm; sourceTree = SOURCE_ROOT; };
		6644313A16F3D1640049E570 /* BTLEPeripheralViewController.h */ = {isa = PBXFileReference; fileEncoding = 4; lastKnownFileType = sourcecode.c.h; name = BTLEPeripheralViewController.h; path = FiftyThreeSdkTestApp/BTLEPeripheralViewController.h; sourceTree = SOURCE_ROOT; };
		6644313B16F3D1640049E570 /* BTLEPeripheralViewController.mm */ = {isa = PBXFileReference; fileEncoding = 4; lastKnownFileType = sourcecode.cpp.objcpp; name = BTLEPeripheralViewController.mm; path = FiftyThreeSdkTestApp/BTLEPeripheralViewController.mm; sourceTree = SOURCE_ROOT; };
		6644314016F3D1640049E570 /* Default-568h@2x.png */ = {isa = PBXFileReference; lastKnownFileType = image.png; name = "Default-568h@2x.png"; path = "FiftyThreeSdkTestApp/Default-568h@2x.png"; sourceTree = SOURCE_ROOT; };
		6644314116F3D1640049E570 /* Default.png */ = {isa = PBXFileReference; lastKnownFileType = image.png; name = Default.png; path = FiftyThreeSdkTestApp/Default.png; sourceTree = SOURCE_ROOT; };
		6644314216F3D1640049E570 /* Default@2x.png */ = {isa = PBXFileReference; lastKnownFileType = image.png; name = "Default@2x.png"; path = "FiftyThreeSdkTestApp/Default@2x.png"; sourceTree = SOURCE_ROOT; };
		6644314616F3D1640049E570 /* FiftyThreeSdkTestApp-Info.plist */ = {isa = PBXFileReference; fileEncoding = 4; lastKnownFileType = text.plist.xml; name = "FiftyThreeSdkTestApp-Info.plist"; path = "FiftyThreeSdkTestApp/FiftyThreeSdkTestApp-Info.plist"; sourceTree = SOURCE_ROOT; };
		6644314716F3D1640049E570 /* FiftyThreeSdkTestApp-Prefix.pch */ = {isa = PBXFileReference; fileEncoding = 4; lastKnownFileType = sourcecode.c.h; name = "FiftyThreeSdkTestApp-Prefix.pch"; path = "FiftyThreeSdkTestApp/FiftyThreeSdkTestApp-Prefix.pch"; sourceTree = SOURCE_ROOT; };
		6644314816F3D1640049E570 /* FTConnectLatencyTester.h */ = {isa = PBXFileReference; fileEncoding = 4; lastKnownFileType = sourcecode.c.h; name = FTConnectLatencyTester.h; path = FiftyThreeSdkTestApp/FTConnectLatencyTester.h; sourceTree = SOURCE_ROOT; };
		6644314916F3D1640049E570 /* FTConnectLatencyTester.m */ = {isa = PBXFileReference; fileEncoding = 4; lastKnownFileType = sourcecode.c.objc; name = FTConnectLatencyTester.m; path = FiftyThreeSdkTestApp/FTConnectLatencyTester.m; sourceTree = SOURCE_ROOT; };
		6644314A16F3D1640049E570 /* FTPenService.h */ = {isa = PBXFileReference; fileEncoding = 4; lastKnownFileType = sourcecode.c.h; name = FTPenService.h; path = FiftyThreeSdkTestApp/FTPenService.h; sourceTree = SOURCE_ROOT; };
		6644314B16F3D1640049E570 /* FTPenService.m */ = {isa = PBXFileReference; fileEncoding = 4; lastKnownFileType = sourcecode.c.objc; name = FTPenService.m; path = FiftyThreeSdkTestApp/FTPenService.m; sourceTree = SOURCE_ROOT; };
		6644314C16F3D1640049E570 /* FTPenServiceUUID.h */ = {isa = PBXFileReference; fileEncoding = 4; lastKnownFileType = sourcecode.c.h; name = FTPenServiceUUID.h; path = FiftyThreeSdkTestApp/FTPenServiceUUID.h; sourceTree = SOURCE_ROOT; };
		6644314D16F3D1640049E570 /* main.m */ = {isa = PBXFileReference; fileEncoding = 4; lastKnownFileType = sourcecode.c.objc; name = main.m; path = FiftyThreeSdkTestApp/main.m; sourceTree = SOURCE_ROOT; };
		6644314E16F3D1640049E570 /* MainStoryboard_iPad.storyboard */ = {isa = PBXFileReference; fileEncoding = 4; lastKnownFileType = file.storyboard; name = MainStoryboard_iPad.storyboard; path = FiftyThreeSdkTestApp/MainStoryboard_iPad.storyboard; sourceTree = SOURCE_ROOT; };
		6644314F16F3D1640049E570 /* MainStoryboard_iPhone.storyboard */ = {isa = PBXFileReference; fileEncoding = 4; lastKnownFileType = file.storyboard; name = MainStoryboard_iPhone.storyboard; path = FiftyThreeSdkTestApp/MainStoryboard_iPhone.storyboard; sourceTree = SOURCE_ROOT; };
		6644315016F3D1640049E570 /* TiUpdateService.h */ = {isa = PBXFileReference; fileEncoding = 4; lastKnownFileType = sourcecode.c.h; name = TiUpdateService.h; path = FiftyThreeSdkTestApp/TiUpdateService.h; sourceTree = SOURCE_ROOT; };
		6644315116F3D1640049E570 /* TiUpdateService.m */ = {isa = PBXFileReference; fileEncoding = 4; lastKnownFileType = sourcecode.c.objc; name = TiUpdateService.m; path = FiftyThreeSdkTestApp/TiUpdateService.m; sourceTree = SOURCE_ROOT; };
		6644316816F3D24B0049E570 /* en */ = {isa = PBXFileReference; lastKnownFileType = text.plist.strings; name = en; path = FiftyThreeSdkTestApp/en.lproj/InfoPlist.strings; sourceTree = SOURCE_ROOT; };
		6644317416F7FC680049E570 /* boost.framework */ = {isa = PBXFileReference; lastKnownFileType = wrapper.framework; name = boost.framework; path = ../../ThirdParty/boost/framework/boost.framework; sourceTree = "<group>"; };
		6644317716F7FDD30049E570 /* libz.dylib */ = {isa = PBXFileReference; lastKnownFileType = "compiled.mach-o.dylib"; name = libz.dylib; path = usr/lib/libz.dylib; sourceTree = SDKROOT; };
		6644317916F7FE190049E570 /* CoreText.framework */ = {isa = PBXFileReference; lastKnownFileType = wrapper.framework; name = CoreText.framework; path = System/Library/Frameworks/CoreText.framework; sourceTree = SDKROOT; };
		6644317B16F7FE2E0049E570 /* AVFoundation.framework */ = {isa = PBXFileReference; lastKnownFileType = wrapper.framework; name = AVFoundation.framework; path = System/Library/Frameworks/AVFoundation.framework; sourceTree = SDKROOT; };
		6644317F16F7FE570049E570 /* OpenGLES.framework */ = {isa = PBXFileReference; lastKnownFileType = wrapper.framework; name = OpenGLES.framework; path = System/Library/Frameworks/OpenGLES.framework; sourceTree = SDKROOT; };
		6644318116F7FF260049E570 /* libsqlite3.dylib */ = {isa = PBXFileReference; lastKnownFileType = "compiled.mach-o.dylib"; name = libsqlite3.dylib; path = usr/lib/libsqlite3.dylib; sourceTree = SDKROOT; };
		6644318316F7FF560049E570 /* Security.framework */ = {isa = PBXFileReference; lastKnownFileType = wrapper.framework; name = Security.framework; path = System/Library/Frameworks/Security.framework; sourceTree = SDKROOT; };
		6644318916F7FFE30049E570 /* CoreData.framework */ = {isa = PBXFileReference; lastKnownFileType = wrapper.framework; name = CoreData.framework; path = System/Library/Frameworks/CoreData.framework; sourceTree = SDKROOT; };
		6644319616F802C80049E570 /* CoreVideo.framework */ = {isa = PBXFileReference; lastKnownFileType = wrapper.framework; name = CoreVideo.framework; path = System/Library/Frameworks/CoreVideo.framework; sourceTree = SDKROOT; };
		6644319816F8047E0049E570 /* SystemConfiguration.framework */ = {isa = PBXFileReference; lastKnownFileType = wrapper.framework; name = SystemConfiguration.framework; path = System/Library/Frameworks/SystemConfiguration.framework; sourceTree = SDKROOT; };
		6644319A16F804B20049E570 /* QuartzCore.framework */ = {isa = PBXFileReference; lastKnownFileType = wrapper.framework; name = QuartzCore.framework; path = System/Library/Frameworks/QuartzCore.framework; sourceTree = SDKROOT; };
		665C61DA1714974D00E70FB4 /* MessageUI.framework */ = {isa = PBXFileReference; lastKnownFileType = wrapper.framework; name = MessageUI.framework; path = System/Library/Frameworks/MessageUI.framework; sourceTree = SDKROOT; };
		666FBEE8170A38EA0068551E /* FTTouchTests.h */ = {isa = PBXFileReference; fileEncoding = 4; lastKnownFileType = sourcecode.c.h; path = FTTouchTests.h; sourceTree = "<group>"; };
		666FBEE9170A38EA0068551E /* FTTouchTests.mm */ = {isa = PBXFileReference; fileEncoding = 4; lastKnownFileType = sourcecode.cpp.objcpp; path = FTTouchTests.mm; sourceTree = "<group>"; };
		6687E3301718B4C3005ACFA3 /* NSFileHandle+readLine.h */ = {isa = PBXFileReference; fileEncoding = 4; lastKnownFileType = sourcecode.c.h; path = "NSFileHandle+readLine.h"; sourceTree = "<group>"; };
		6687E3311718B4C3005ACFA3 /* NSFileHandle+readLine.m */ = {isa = PBXFileReference; fileEncoding = 4; lastKnownFileType = sourcecode.c.objc; path = "NSFileHandle+readLine.m"; sourceTree = "<group>"; };
		668F6DE817037361002C548B /* Textures */ = {isa = PBXFileReference; lastKnownFileType = folder; name = Textures; path = ../../Canvas/Canvas/Textures; sourceTree = "<group>"; };
		668F6DEA17037376002C548B /* Shaders */ = {isa = PBXFileReference; lastKnownFileType = folder; name = Shaders; path = ../../Common/Common/Shaders; sourceTree = "<group>"; };
		669CA620171F034A006596F0 /* charcoal-upgrade.bin */ = {isa = PBXFileReference; lastKnownFileType = archive.macbinary; path = "charcoal-upgrade.bin"; sourceTree = SOURCE_ROOT; };
		66A47BF016D835C90016B31C /* FiftyThreeSdkTestApp.app */ = {isa = PBXFileReference; explicitFileType = wrapper.application; includeInIndex = 0; path = FiftyThreeSdkTestApp.app; sourceTree = BUILT_PRODUCTS_DIR; };
		66A47BF316D835C90016B31C /* UIKit.framework */ = {isa = PBXFileReference; lastKnownFileType = wrapper.framework; name = UIKit.framework; path = System/Library/Frameworks/UIKit.framework; sourceTree = SDKROOT; };
		66A47BF516D835C90016B31C /* Foundation.framework */ = {isa = PBXFileReference; lastKnownFileType = wrapper.framework; name = Foundation.framework; path = System/Library/Frameworks/Foundation.framework; sourceTree = SDKROOT; };
		66A47BF716D835C90016B31C /* CoreGraphics.framework */ = {isa = PBXFileReference; lastKnownFileType = wrapper.framework; name = CoreGraphics.framework; path = System/Library/Frameworks/CoreGraphics.framework; sourceTree = SDKROOT; };
		66A47C1A16D843250016B31C /* CoreBluetooth.framework */ = {isa = PBXFileReference; lastKnownFileType = wrapper.framework; name = CoreBluetooth.framework; path = System/Library/Frameworks/CoreBluetooth.framework; sourceTree = SDKROOT; };
		66C83D6E1704F9DD00789776 /* FTLatencyTouchClassfierTests.h */ = {isa = PBXFileReference; fileEncoding = 4; lastKnownFileType = sourcecode.c.h; path = FTLatencyTouchClassfierTests.h; sourceTree = "<group>"; };
		66C83D6F1704F9DD00789776 /* FTLatencyTouchClassfierTests.mm */ = {isa = PBXFileReference; fileEncoding = 4; lastKnownFileType = sourcecode.cpp.objcpp; path = FTLatencyTouchClassfierTests.mm; sourceTree = "<group>"; };
		66D2CBD6171C8AB5008E1526 /* strokedata-3.prd */ = {isa = PBXFileReference; fileEncoding = 4; lastKnownFileType = text; path = "strokedata-3.prd"; sourceTree = "<group>"; };
		66FC1EE11725DC7500B9B9E7 /* charcoal-factory.bin */ = {isa = PBXFileReference; lastKnownFileType = archive.macbinary; path = "charcoal-factory.bin"; sourceTree = SOURCE_ROOT; };
/* End PBXFileReference section */

/* Begin PBXFrameworksBuildPhase section */
		6644310E16F3C8390049E570 /* Frameworks */ = {
			isa = PBXFrameworksBuildPhase;
			buildActionMask = 2147483647;
			files = (
				66C83D751704FDB700789776 /* boost.framework in Frameworks */,
				6644311416F3C8390049E570 /* SenTestingKit.framework in Frameworks */,
				6644311516F3C8390049E570 /* UIKit.framework in Frameworks */,
				6644311616F3C8390049E570 /* Foundation.framework in Frameworks */,
			);
			runOnlyForDeploymentPostprocessing = 0;
		};
		66A47BED16D835C90016B31C /* Frameworks */ = {
			isa = PBXFrameworksBuildPhase;
			buildActionMask = 2147483647;
			files = (
				34987009174FB20700A3088E /* libAFNetworking.a in Frameworks */,
				3498700A174FB20700A3088E /* libCanvas.a in Frameworks */,
				3498700B174FB20700A3088E /* libCommon.a in Frameworks */,
				3498700C174FB20700A3088E /* libGlobalSettings.a in Frameworks */,
				34986FD3174FAC8E00A3088E /* libFiftyThreeSdk.a in Frameworks */,
				665C61DB1714974D00E70FB4 /* MessageUI.framework in Frameworks */,
				668F6D5A17024021002C548B /* CoreVideo.framework in Frameworks */,
				6644318016F7FE570049E570 /* OpenGLES.framework in Frameworks */,
				6632314116F8B9FD008AD3DC /* AVFoundation.framework in Frameworks */,
				6632314016F8B9F2008AD3DC /* libT1PogoManager.a in Frameworks */,
				6632313E16F8B213008AD3DC /* boost.framework in Frameworks */,
				6632313C16F8B1CA008AD3DC /* MobileCoreServices.framework in Frameworks */,
				6644319B16F804B20049E570 /* QuartzCore.framework in Frameworks */,
				6644319916F8047E0049E570 /* SystemConfiguration.framework in Frameworks */,
				6644318A16F7FFE30049E570 /* CoreData.framework in Frameworks */,
				6644318416F7FF560049E570 /* Security.framework in Frameworks */,
				6644318216F7FF260049E570 /* libsqlite3.dylib in Frameworks */,
				6644317A16F7FE190049E570 /* CoreText.framework in Frameworks */,
				6644317816F7FDD30049E570 /* libz.dylib in Frameworks */,
				66A47C1B16D843250016B31C /* CoreBluetooth.framework in Frameworks */,
				66A47BF416D835C90016B31C /* UIKit.framework in Frameworks */,
				66A47BF616D835C90016B31C /* Foundation.framework in Frameworks */,
				66A47BF816D835C90016B31C /* CoreGraphics.framework in Frameworks */,
			);
			runOnlyForDeploymentPostprocessing = 0;
		};
/* End PBXFrameworksBuildPhase section */

/* Begin PBXGroup section */
		34986FC3174FAC4F00A3088E /* Products */ = {
			isa = PBXGroup;
			children = (
				34986FC7174FAC5000A3088E /* libFiftyThreeSdk.a */,
			);
			name = Products;
			sourceTree = "<group>";
		};
		34986FE4174FB1A600A3088E /* Products */ = {
			isa = PBXGroup;
			children = (
				34986FE9174FB1A700A3088E /* libCommon.a */,
				34986FEB174FB1A700A3088E /* CommonTests.octest */,
			);
			name = Products;
			sourceTree = "<group>";
		};
		34986FED174FB1B400A3088E /* Products */ = {
			isa = PBXGroup;
			children = (
				34986FF2174FB1B500A3088E /* libCanvas.a */,
				34986FF4174FB1B500A3088E /* CanvasTests.octest */,
			);
			name = Products;
			sourceTree = "<group>";
		};
		34986FF6174FB1BF00A3088E /* Products */ = {
			isa = PBXGroup;
			children = (
				34986FFA174FB1BF00A3088E /* libGlobalSettings.a */,
			);
			name = Products;
			sourceTree = "<group>";
		};
		34986FFC174FB1CB00A3088E /* Products */ = {
			isa = PBXGroup;
			children = (
				34987000174FB1CC00A3088E /* libAFNetworking.a */,
			);
			name = Products;
			sourceTree = "<group>";
		};
		6644311716F3C8390049E570 /* FiftyThreeSdkTests */ = {
			isa = PBXGroup;
			children = (
				6687E3301718B4C3005ACFA3 /* NSFileHandle+readLine.h */,
				6687E3311718B4C3005ACFA3 /* NSFileHandle+readLine.m */,
				6687E32C1718B2F6005ACFA3 /* Test Data */,
				6644313216F3CC2C0049E570 /* SenAsyncTestCase.h */,
				6644313316F3CC2C0049E570 /* SenAsyncTestCase.m */,
				6644312616F3C86C0049E570 /* FiftyThreeSdkTests.h */,
				6644312716F3C86C0049E570 /* FiftyThreeSdkTests.m */,
				6644311816F3C8390049E570 /* Supporting Files */,
				66C83D6E1704F9DD00789776 /* FTLatencyTouchClassfierTests.h */,
				66C83D6F1704F9DD00789776 /* FTLatencyTouchClassfierTests.mm */,
				666FBEE8170A38EA0068551E /* FTTouchTests.h */,
				666FBEE9170A38EA0068551E /* FTTouchTests.mm */,
			);
			path = FiftyThreeSdkTests;
			sourceTree = "<group>";
		};
		6644311816F3C8390049E570 /* Supporting Files */ = {
			isa = PBXGroup;
			children = (
				6644311916F3C8390049E570 /* FiftyThreeSdkTests-Info.plist */,
				6644311A16F3C8390049E570 /* InfoPlist.strings */,
				6644312016F3C8390049E570 /* FiftyThreeSdkTests-Prefix.pch */,
			);
			name = "Supporting Files";
			sourceTree = "<group>";
		};
		6687E32C1718B2F6005ACFA3 /* Test Data */ = {
			isa = PBXGroup;
			children = (
				66D2CBD6171C8AB5008E1526 /* strokedata-3.prd */,
			);
			name = "Test Data";
			sourceTree = "<group>";
		};
		668F6DEC1703737A002C548B /* Resources */ = {
			isa = PBXGroup;
			children = (
				668F6DEA17037376002C548B /* Shaders */,
				668F6DE817037361002C548B /* Textures */,
			);
			name = Resources;
			sourceTree = "<group>";
		};
		66A47BE716D835C90016B31C = {
			isa = PBXGroup;
			children = (
				668F6DEC1703737A002C548B /* Resources */,
				66A47BF916D835C90016B31C /* FiftyThreeSdkTestApp */,
				6644311716F3C8390049E570 /* FiftyThreeSdkTests */,
				66A47BF216D835C90016B31C /* Frameworks */,
				66A47BF116D835C90016B31C /* Products */,
			);
			sourceTree = "<group>";
		};
		66A47BF116D835C90016B31C /* Products */ = {
			isa = PBXGroup;
			children = (
				66A47BF016D835C90016B31C /* FiftyThreeSdkTestApp.app */,
				6644311216F3C8390049E570 /* FiftyThreeSdkTests.octest */,
			);
			name = Products;
			sourceTree = "<group>";
		};
		66A47BF216D835C90016B31C /* Frameworks */ = {
			isa = PBXGroup;
			children = (
				34986FFB174FB1CB00A3088E /* AFNetworking.xcodeproj */,
				34986FF5174FB1BF00A3088E /* GlobalSettings.xcodeproj */,
				34986FEC174FB1B400A3088E /* Canvas.xcodeproj */,
				34986FE3174FB1A600A3088E /* Common.xcodeproj */,
				34986FC2174FAC4F00A3088E /* FiftyThreeSdk.xcodeproj */,
				665C61DA1714974D00E70FB4 /* MessageUI.framework */,
				6632313F16F8B9F2008AD3DC /* libT1PogoManager.a */,
				6644318116F7FF260049E570 /* libsqlite3.dylib */,
				6644317716F7FDD30049E570 /* libz.dylib */,
				6644317B16F7FE2E0049E570 /* AVFoundation.framework */,
				6644317416F7FC680049E570 /* boost.framework */,
				66A47C1A16D843250016B31C /* CoreBluetooth.framework */,
				6644318916F7FFE30049E570 /* CoreData.framework */,
				66A47BF716D835C90016B31C /* CoreGraphics.framework */,
				6644317916F7FE190049E570 /* CoreText.framework */,
				6644319616F802C80049E570 /* CoreVideo.framework */,
				66A47BF516D835C90016B31C /* Foundation.framework */,
				6632313B16F8B1CA008AD3DC /* MobileCoreServices.framework */,
				6644317F16F7FE570049E570 /* OpenGLES.framework */,
				6644319A16F804B20049E570 /* QuartzCore.framework */,
				6644318316F7FF560049E570 /* Security.framework */,
				6644311316F3C8390049E570 /* SenTestingKit.framework */,
				6644319816F8047E0049E570 /* SystemConfiguration.framework */,
				66A47BF316D835C90016B31C /* UIKit.framework */,
			);
			name = Frameworks;
			sourceTree = "<group>";
		};
		66A47BF916D835C90016B31C /* FiftyThreeSdkTestApp */ = {
			isa = PBXGroup;
			children = (
				6644313616F3D1640049E570 /* AppDelegate.h */,
				6644313716F3D1640049E570 /* AppDelegate.m */,
				6644313816F3D1640049E570 /* BTLECentralViewController.h */,
				6644313916F3D1640049E570 /* BTLECentralViewController.mm */,
				6644313A16F3D1640049E570 /* BTLEPeripheralViewController.h */,
				6644313B16F3D1640049E570 /* BTLEPeripheralViewController.mm */,
				6644314816F3D1640049E570 /* FTConnectLatencyTester.h */,
				6644314916F3D1640049E570 /* FTConnectLatencyTester.m */,
				6644314E16F3D1640049E570 /* MainStoryboard_iPad.storyboard */,
				6644314F16F3D1640049E570 /* MainStoryboard_iPhone.storyboard */,
				66A47C3216D98E7A0016B31C /* pen-sim */,
				66A47BFA16D835C90016B31C /* Supporting Files */,
			);
			name = FiftyThreeSdkTestApp;
			path = "charcoal-prototype";
			sourceTree = "<group>";
		};
		66A47BFA16D835C90016B31C /* Supporting Files */ = {
			isa = PBXGroup;
			children = (
				349A6442174FD8EC0071D899 /* Paper_Icon-72.png */,
				349A6443174FD8EC0071D899 /* Paper_Icon-72@2x.png */,
				66BEC2871703B458009207F9 /* Firmware */,
				6644316716F3D24B0049E570 /* InfoPlist.strings */,
				6644314616F3D1640049E570 /* FiftyThreeSdkTestApp-Info.plist */,
				6644314716F3D1640049E570 /* FiftyThreeSdkTestApp-Prefix.pch */,
				6644314D16F3D1640049E570 /* main.m */,
				6644314016F3D1640049E570 /* Default-568h@2x.png */,
				6644314116F3D1640049E570 /* Default.png */,
				6644314216F3D1640049E570 /* Default@2x.png */,
			);
			name = "Supporting Files";
			sourceTree = "<group>";
		};
		66A47C3216D98E7A0016B31C /* pen-sim */ = {
			isa = PBXGroup;
			children = (
				6644314C16F3D1640049E570 /* FTPenServiceUUID.h */,
				6644315016F3D1640049E570 /* TiUpdateService.h */,
				6644315116F3D1640049E570 /* TiUpdateService.m */,
				6644314A16F3D1640049E570 /* FTPenService.h */,
				6644314B16F3D1640049E570 /* FTPenService.m */,
			);
			name = "pen-sim";
			sourceTree = "<group>";
		};
		66BEC2871703B458009207F9 /* Firmware */ = {
			isa = PBXGroup;
			children = (
				66FC1EE11725DC7500B9B9E7 /* charcoal-factory.bin */,
				669CA620171F034A006596F0 /* charcoal-upgrade.bin */,
			);
			name = Firmware;
			sourceTree = "<group>";
		};
/* End PBXGroup section */

/* Begin PBXNativeTarget section */
		6644311116F3C8390049E570 /* FiftyThreeSdkTests */ = {
			isa = PBXNativeTarget;
			buildConfigurationList = 6644312116F3C8390049E570 /* Build configuration list for PBXNativeTarget "FiftyThreeSdkTests" */;
			buildPhases = (
				6644310D16F3C8390049E570 /* Sources */,
				6644310E16F3C8390049E570 /* Frameworks */,
				6644310F16F3C8390049E570 /* Resources */,
				6644311016F3C8390049E570 /* ShellScript */,
			);
			buildRules = (
			);
			dependencies = (
			);
			name = FiftyThreeSdkTests;
			productName = FiftyThreeSdkTests;
			productReference = 6644311216F3C8390049E570 /* FiftyThreeSdkTests.octest */;
			productType = "com.apple.product-type.bundle";
		};
		66A47BEF16D835C90016B31C /* FiftyThreeSdkTestApp */ = {
			isa = PBXNativeTarget;
			buildConfigurationList = 66A47C1316D835C90016B31C /* Build configuration list for PBXNativeTarget "FiftyThreeSdkTestApp" */;
			buildPhases = (
				66A47BEC16D835C90016B31C /* Sources */,
				66A47BED16D835C90016B31C /* Frameworks */,
				66A47BEE16D835C90016B31C /* Resources */,
			);
			buildRules = (
			);
			dependencies = (
				34987002174FB1FF00A3088E /* PBXTargetDependency */,
				34987004174FB1FF00A3088E /* PBXTargetDependency */,
				34987006174FB1FF00A3088E /* PBXTargetDependency */,
				34987008174FB1FF00A3088E /* PBXTargetDependency */,
				34986FD2174FAC8A00A3088E /* PBXTargetDependency */,
			);
			name = FiftyThreeSdkTestApp;
			productName = "charcoal-prototype";
			productReference = 66A47BF016D835C90016B31C /* FiftyThreeSdkTestApp.app */;
			productType = "com.apple.product-type.application";
		};
/* End PBXNativeTarget section */

/* Begin PBXProject section */
		66A47BE816D835C90016B31C /* Project object */ = {
			isa = PBXProject;
			attributes = {
				CLASSPREFIX = FT;
				LastUpgradeCheck = 0460;
				ORGANIZATIONNAME = "FiftyThree, Inc.";
			};
			buildConfigurationList = 66A47BEB16D835C90016B31C /* Build configuration list for PBXProject "FiftyThreeSdkTestApp" */;
			compatibilityVersion = "Xcode 3.2";
			developmentRegion = English;
			hasScannedForEncodings = 0;
			knownRegions = (
				en,
			);
			mainGroup = 66A47BE716D835C90016B31C;
			productRefGroup = 66A47BF116D835C90016B31C /* Products */;
			projectDirPath = "";
			projectReferences = (
				{
					ProductGroup = 34986FFC174FB1CB00A3088E /* Products */;
					ProjectRef = 34986FFB174FB1CB00A3088E /* AFNetworking.xcodeproj */;
				},
				{
					ProductGroup = 34986FED174FB1B400A3088E /* Products */;
					ProjectRef = 34986FEC174FB1B400A3088E /* Canvas.xcodeproj */;
				},
				{
					ProductGroup = 34986FE4174FB1A600A3088E /* Products */;
					ProjectRef = 34986FE3174FB1A600A3088E /* Common.xcodeproj */;
				},
				{
					ProductGroup = 34986FC3174FAC4F00A3088E /* Products */;
					ProjectRef = 34986FC2174FAC4F00A3088E /* FiftyThreeSdk.xcodeproj */;
				},
				{
					ProductGroup = 34986FF6174FB1BF00A3088E /* Products */;
					ProjectRef = 34986FF5174FB1BF00A3088E /* GlobalSettings.xcodeproj */;
				},
			);
			projectRoot = "";
			targets = (
				66A47BEF16D835C90016B31C /* FiftyThreeSdkTestApp */,
				6644311116F3C8390049E570 /* FiftyThreeSdkTests */,
			);
		};
/* End PBXProject section */

/* Begin PBXReferenceProxy section */
		34986FC7174FAC5000A3088E /* libFiftyThreeSdk.a */ = {
			isa = PBXReferenceProxy;
			fileType = archive.ar;
			path = libFiftyThreeSdk.a;
			remoteRef = 34986FC6174FAC5000A3088E /* PBXContainerItemProxy */;
			sourceTree = BUILT_PRODUCTS_DIR;
		};
		34986FE9174FB1A700A3088E /* libCommon.a */ = {
			isa = PBXReferenceProxy;
			fileType = archive.ar;
			path = libCommon.a;
			remoteRef = 34986FE8174FB1A700A3088E /* PBXContainerItemProxy */;
			sourceTree = BUILT_PRODUCTS_DIR;
		};
		34986FEB174FB1A700A3088E /* CommonTests.octest */ = {
			isa = PBXReferenceProxy;
			fileType = wrapper.cfbundle;
			path = CommonTests.octest;
			remoteRef = 34986FEA174FB1A700A3088E /* PBXContainerItemProxy */;
			sourceTree = BUILT_PRODUCTS_DIR;
		};
		34986FF2174FB1B500A3088E /* libCanvas.a */ = {
			isa = PBXReferenceProxy;
			fileType = archive.ar;
			path = libCanvas.a;
			remoteRef = 34986FF1174FB1B500A3088E /* PBXContainerItemProxy */;
			sourceTree = BUILT_PRODUCTS_DIR;
		};
		34986FF4174FB1B500A3088E /* CanvasTests.octest */ = {
			isa = PBXReferenceProxy;
			fileType = wrapper.cfbundle;
			path = CanvasTests.octest;
			remoteRef = 34986FF3174FB1B500A3088E /* PBXContainerItemProxy */;
			sourceTree = BUILT_PRODUCTS_DIR;
		};
		34986FFA174FB1BF00A3088E /* libGlobalSettings.a */ = {
			isa = PBXReferenceProxy;
			fileType = archive.ar;
			path = libGlobalSettings.a;
			remoteRef = 34986FF9174FB1BF00A3088E /* PBXContainerItemProxy */;
			sourceTree = BUILT_PRODUCTS_DIR;
		};
		34987000174FB1CC00A3088E /* libAFNetworking.a */ = {
			isa = PBXReferenceProxy;
			fileType = archive.ar;
			path = libAFNetworking.a;
			remoteRef = 34986FFF174FB1CC00A3088E /* PBXContainerItemProxy */;
			sourceTree = BUILT_PRODUCTS_DIR;
		};
/* End PBXReferenceProxy section */

/* Begin PBXResourcesBuildPhase section */
		6644310F16F3C8390049E570 /* Resources */ = {
			isa = PBXResourcesBuildPhase;
			buildActionMask = 2147483647;
			files = (
				66D2CBD8171C8B01008E1526 /* strokedata-3.prd in Resources */,
				6644311C16F3C8390049E570 /* InfoPlist.strings in Resources */,
			);
			runOnlyForDeploymentPostprocessing = 0;
		};
		66A47BEE16D835C90016B31C /* Resources */ = {
			isa = PBXResourcesBuildPhase;
			buildActionMask = 2147483647;
			files = (
				668F6DEB17037376002C548B /* Shaders in Resources */,
				668F6DE917037361002C548B /* Textures in Resources */,
				6644315616F3D1640049E570 /* Default-568h@2x.png in Resources */,
				6644315716F3D1640049E570 /* Default.png in Resources */,
				6644315816F3D1640049E570 /* Default@2x.png in Resources */,
				6644315E16F3D1640049E570 /* MainStoryboard_iPad.storyboard in Resources */,
				6644315F16F3D1640049E570 /* MainStoryboard_iPhone.storyboard in Resources */,
				6644316916F3D24B0049E570 /* InfoPlist.strings in Resources */,
				669CA621171F034A006596F0 /* charcoal-upgrade.bin in Resources */,
				66FC1EE21725DC7500B9B9E7 /* charcoal-factory.bin in Resources */,
				349A6448174FD8EC0071D899 /* Paper_Icon-72.png in Resources */,
				349A6449174FD8EC0071D899 /* Paper_Icon-72@2x.png in Resources */,
			);
			runOnlyForDeploymentPostprocessing = 0;
		};
/* End PBXResourcesBuildPhase section */

/* Begin PBXShellScriptBuildPhase section */
		6644311016F3C8390049E570 /* ShellScript */ = {
			isa = PBXShellScriptBuildPhase;
			buildActionMask = 2147483647;
			files = (
			);
			inputPaths = (
			);
			outputPaths = (
			);
			runOnlyForDeploymentPostprocessing = 0;
			shellPath = /bin/sh;
			shellScript = "# Run the unit tests in this test bundle.\n\"${SYSTEM_DEVELOPER_DIR}/Tools/RunUnitTests\"\n";
		};
/* End PBXShellScriptBuildPhase section */

/* Begin PBXSourcesBuildPhase section */
		6644310D16F3C8390049E570 /* Sources */ = {
			isa = PBXSourcesBuildPhase;
			buildActionMask = 2147483647;
			files = (
				6644313416F3CC2C0049E570 /* SenAsyncTestCase.m in Sources */,
				66C83D701704F9DD00789776 /* FTLatencyTouchClassfierTests.mm in Sources */,
				666FBEEA170A38EA0068551E /* FTTouchTests.mm in Sources */,
				6687E3321718B4C3005ACFA3 /* NSFileHandle+readLine.m in Sources */,
			);
			runOnlyForDeploymentPostprocessing = 0;
		};
		66A47BEC16D835C90016B31C /* Sources */ = {
			isa = PBXSourcesBuildPhase;
			buildActionMask = 2147483647;
			files = (
				6644315216F3D1640049E570 /* AppDelegate.m in Sources */,
				6644315316F3D1640049E570 /* BTLECentralViewController.mm in Sources */,
				6644315416F3D1640049E570 /* BTLEPeripheralViewController.mm in Sources */,
				6644315B16F3D1640049E570 /* FTConnectLatencyTester.m in Sources */,
				6644315C16F3D1640049E570 /* FTPenService.m in Sources */,
				6644315D16F3D1640049E570 /* main.m in Sources */,
				6644316016F3D1640049E570 /* TiUpdateService.m in Sources */,
			);
			runOnlyForDeploymentPostprocessing = 0;
		};
/* End PBXSourcesBuildPhase section */

/* Begin PBXTargetDependency section */
		34986FD2174FAC8A00A3088E /* PBXTargetDependency */ = {
			isa = PBXTargetDependency;
			name = FiftyThreeSdk;
			targetProxy = 34986FD1174FAC8A00A3088E /* PBXContainerItemProxy */;
		};
		34987002174FB1FF00A3088E /* PBXTargetDependency */ = {
			isa = PBXTargetDependency;
			name = Common;
			targetProxy = 34987001174FB1FF00A3088E /* PBXContainerItemProxy */;
		};
		34987004174FB1FF00A3088E /* PBXTargetDependency */ = {
			isa = PBXTargetDependency;
			name = Canvas;
			targetProxy = 34987003174FB1FF00A3088E /* PBXContainerItemProxy */;
		};
		34987006174FB1FF00A3088E /* PBXTargetDependency */ = {
			isa = PBXTargetDependency;
			name = GlobalSettings;
			targetProxy = 34987005174FB1FF00A3088E /* PBXContainerItemProxy */;
		};
		34987008174FB1FF00A3088E /* PBXTargetDependency */ = {
			isa = PBXTargetDependency;
			name = AFNetworking;
			targetProxy = 34987007174FB1FF00A3088E /* PBXContainerItemProxy */;
		};
/* End PBXTargetDependency section */

/* Begin PBXVariantGroup section */
		6644311A16F3C8390049E570 /* InfoPlist.strings */ = {
			isa = PBXVariantGroup;
			children = (
				6644311B16F3C8390049E570 /* en */,
			);
			name = InfoPlist.strings;
			sourceTree = "<group>";
		};
		6644316716F3D24B0049E570 /* InfoPlist.strings */ = {
			isa = PBXVariantGroup;
			children = (
				6644316816F3D24B0049E570 /* en */,
			);
			name = InfoPlist.strings;
			sourceTree = "<group>";
		};
/* End PBXVariantGroup section */

/* Begin XCBuildConfiguration section */
		6644312216F3C8390049E570 /* Debug */ = {
			isa = XCBuildConfiguration;
			buildSettings = {
				BUNDLE_LOADER = "$(BUILT_PRODUCTS_DIR)/FiftyThreeSdkTestApp.app/FiftyThreeSdkTestApp";
				CLANG_CXX_LANGUAGE_STANDARD = "compiler-default";
				CLANG_CXX_LIBRARY = "compiler-default";
				FRAMEWORK_SEARCH_PATHS = (
					"\"$(SDKROOT)/Developer/Library/Frameworks\"",
					"\"$(DEVELOPER_LIBRARY_DIR)/Frameworks\"",
					"\"$(SRCROOT)/../../ThirdParty/boost/framework\"",
				);
				GCC_PRECOMPILE_PREFIX_HEADER = YES;
				GCC_PREFIX_HEADER = "FiftyThreeSdkTests/FiftyThreeSdkTests-Prefix.pch";
				HEADER_SEARCH_PATHS = (
					"$(SRCROOT)/../FiftyThreeSdk",
					"$(SRCROOT)/../../Common",
					"$(SRCROOT)/../../Canvas",
					"$(SRCROOT)/../../ThirdParty",
					"$(SRCROOT)/../../../ThirdParty",
				);
				INFOPLIST_FILE = "FiftyThreeSdkTests/FiftyThreeSdkTests-Info.plist";
				LIBRARY_SEARCH_PATHS = (
					"$(inherited)",
					"\"$(SRCROOT)/../../../../../../Library/Developer/Xcode/DerivedData/FiftyThreeSdkTestApp-fqhrggmyvwwfhzgakxbhthwwiptp/Build/Products/Debug-iphoneos\"",
				);
				PRODUCT_NAME = "$(TARGET_NAME)";
				TEST_HOST = "$(BUNDLE_LOADER)";
				WRAPPER_EXTENSION = octest;
			};
			name = Debug;
		};
		6644312316F3C8390049E570 /* Release */ = {
			isa = XCBuildConfiguration;
			buildSettings = {
				BUNDLE_LOADER = "$(BUILT_PRODUCTS_DIR)/FiftyThreeSdkTestApp.app/FiftyThreeSdkTestApp";
				CLANG_CXX_LANGUAGE_STANDARD = "compiler-default";
				CLANG_CXX_LIBRARY = "compiler-default";
				FRAMEWORK_SEARCH_PATHS = (
					"\"$(SDKROOT)/Developer/Library/Frameworks\"",
					"\"$(DEVELOPER_LIBRARY_DIR)/Frameworks\"",
					"\"$(SRCROOT)/../../ThirdParty/boost/framework\"",
				);
				GCC_PRECOMPILE_PREFIX_HEADER = YES;
				GCC_PREFIX_HEADER = "FiftyThreeSdkTests/FiftyThreeSdkTests-Prefix.pch";
				HEADER_SEARCH_PATHS = (
					"$(SRCROOT)/../FiftyThreeSdk",
					"$(SRCROOT)/../../Common",
					"$(SRCROOT)/../../Canvas",
					"$(SRCROOT)/../../ThirdParty",
					"$(SRCROOT)/../../../ThirdParty",
				);
				INFOPLIST_FILE = "FiftyThreeSdkTests/FiftyThreeSdkTests-Info.plist";
				LIBRARY_SEARCH_PATHS = (
					"$(inherited)",
					"\"$(SRCROOT)/../../../../../../Library/Developer/Xcode/DerivedData/FiftyThreeSdkTestApp-fqhrggmyvwwfhzgakxbhthwwiptp/Build/Products/Debug-iphoneos\"",
				);
				PRODUCT_NAME = "$(TARGET_NAME)";
				TEST_HOST = "$(BUNDLE_LOADER)";
				WRAPPER_EXTENSION = octest;
			};
			name = Release;
		};
		66A47C1116D835C90016B31C /* Debug */ = {
			isa = XCBuildConfiguration;
			buildSettings = {
				ALWAYS_SEARCH_USER_PATHS = NO;
				ARCHS = armv7;
				CLANG_CXX_LANGUAGE_STANDARD = "gnu++0x";
				CLANG_CXX_LIBRARY = "libc++";
				CLANG_ENABLE_OBJC_ARC = YES;
				CLANG_WARN_CONSTANT_CONVERSION = YES;
				CLANG_WARN_EMPTY_BODY = YES;
				CLANG_WARN_ENUM_CONVERSION = YES;
				CLANG_WARN_INT_CONVERSION = YES;
				CLANG_WARN__DUPLICATE_METHOD_MATCH = YES;
				"CODE_SIGN_IDENTITY[sdk=iphoneos*]" = "iPhone Developer";
				COPY_PHASE_STRIP = NO;
				GCC_C_LANGUAGE_STANDARD = gnu99;
				GCC_DYNAMIC_NO_PIC = NO;
				GCC_OPTIMIZATION_LEVEL = 0;
				GCC_PREPROCESSOR_DEFINITIONS = (
					"DEBUG=1",
					"$(inherited)",
				);
				GCC_SYMBOLS_PRIVATE_EXTERN = YES;
				GCC_WARN_ABOUT_RETURN_TYPE = YES;
				GCC_WARN_UNINITIALIZED_AUTOS = YES;
				GCC_WARN_UNUSED_VARIABLE = YES;
				IPHONEOS_DEPLOYMENT_TARGET = 6.1;
				ONLY_ACTIVE_ARCH = YES;
				SDKROOT = iphoneos;
				TARGETED_DEVICE_FAMILY = 2;
			};
			name = Debug;
		};
		66A47C1216D835C90016B31C /* Release */ = {
			isa = XCBuildConfiguration;
			buildSettings = {
				ALWAYS_SEARCH_USER_PATHS = NO;
				ARCHS = armv7;
				CLANG_CXX_LANGUAGE_STANDARD = "gnu++0x";
				CLANG_CXX_LIBRARY = "libc++";
				CLANG_ENABLE_OBJC_ARC = YES;
				CLANG_WARN_CONSTANT_CONVERSION = YES;
				CLANG_WARN_EMPTY_BODY = YES;
				CLANG_WARN_ENUM_CONVERSION = YES;
				CLANG_WARN_INT_CONVERSION = YES;
				CLANG_WARN__DUPLICATE_METHOD_MATCH = YES;
				"CODE_SIGN_IDENTITY[sdk=iphoneos*]" = "iPhone Developer";
				COPY_PHASE_STRIP = YES;
				GCC_C_LANGUAGE_STANDARD = gnu99;
				GCC_SYMBOLS_PRIVATE_EXTERN = YES;
				GCC_WARN_ABOUT_RETURN_TYPE = YES;
				GCC_WARN_UNINITIALIZED_AUTOS = YES;
				GCC_WARN_UNUSED_VARIABLE = YES;
				IPHONEOS_DEPLOYMENT_TARGET = 6.1;
				OTHER_CFLAGS = "-DNS_BLOCK_ASSERTIONS=1";
				SDKROOT = iphoneos;
				TARGETED_DEVICE_FAMILY = 2;
				VALIDATE_PRODUCT = YES;
			};
			name = Release;
		};
		66A47C1416D835C90016B31C /* Debug */ = {
			isa = XCBuildConfiguration;
			buildSettings = {
				ARCHS = armv7;
				CLANG_CXX_LANGUAGE_STANDARD = "compiler-default";
				CLANG_CXX_LIBRARY = "compiler-default";
				FRAMEWORK_SEARCH_PATHS = (
					"$(inherited)",
					"\"$(SRCROOT)/../../ThirdParty/boost/framework\"",
				);
				GCC_C_LANGUAGE_STANDARD = c99;
				GCC_PRECOMPILE_PREFIX_HEADER = YES;
				GCC_PREFIX_HEADER = "FiftyThreeSdkTestApp/FiftyThreeSdkTestApp-Prefix.pch";
				HEADER_SEARCH_PATHS = (
					"$(SRCROOT)/../../ThirdParty",
					"$(SRCROOT)/../../../ThirdParty",
					"$(SRCROOT)/../../Canvas",
					"$(SRCROOT)/../../Common",
					"$(SRCROOT)/../FiftyThreeSdk",
				);
				INFOPLIST_FILE = "FiftyThreeSdkTestApp/FiftyThreeSdkTestApp-Info.plist";
				IPHONEOS_DEPLOYMENT_TARGET = 6.0;
				LIBRARY_SEARCH_PATHS = (
					"$(inherited)",
					"\"$(SRCROOT)/../../ThirdParty/PogoConnect\"",
				);
				OTHER_LDFLAGS = "-ObjC";
				PRODUCT_NAME = FiftyThreeSdkTestApp;
				TARGETED_DEVICE_FAMILY = "1,2";
				USER_HEADER_SEARCH_PATHS = "";
				VALID_ARCHS = "armv7 armv7s";
				WRAPPER_EXTENSION = app;
			};
			name = Debug;
		};
		66A47C1516D835C90016B31C /* Release */ = {
			isa = XCBuildConfiguration;
			buildSettings = {
				ARCHS = armv7;
				CLANG_CXX_LANGUAGE_STANDARD = "compiler-default";
				CLANG_CXX_LIBRARY = "compiler-default";
				FRAMEWORK_SEARCH_PATHS = (
					"$(inherited)",
					"\"$(SRCROOT)/../../ThirdParty/boost/framework\"",
				);
				GCC_C_LANGUAGE_STANDARD = c99;
				GCC_PRECOMPILE_PREFIX_HEADER = YES;
				GCC_PREFIX_HEADER = "FiftyThreeSdkTestApp/FiftyThreeSdkTestApp-Prefix.pch";
				HEADER_SEARCH_PATHS = (
					"$(SRCROOT)/../../ThirdParty",
					"$(SRCROOT)/../../../ThirdParty",
					"$(SRCROOT)/../../Canvas",
					"$(SRCROOT)/../../Common",
					"$(SRCROOT)/../FiftyThreeSdk",
				);
				INFOPLIST_FILE = "FiftyThreeSdkTestApp/FiftyThreeSdkTestApp-Info.plist";
				IPHONEOS_DEPLOYMENT_TARGET = 6.0;
				LIBRARY_SEARCH_PATHS = (
					"$(inherited)",
					"\"$(SRCROOT)/../../ThirdParty/PogoConnect\"",
				);
				OTHER_LDFLAGS = "-ObjC";
				PRODUCT_NAME = FiftyThreeSdkTestApp;
				TARGETED_DEVICE_FAMILY = "1,2";
				USER_HEADER_SEARCH_PATHS = "";
				VALID_ARCHS = "armv7 armv7s";
				WRAPPER_EXTENSION = app;
			};
			name = Release;
		};
/* End XCBuildConfiguration section */

/* Begin XCConfigurationList section */
		6644312116F3C8390049E570 /* Build configuration list for PBXNativeTarget "FiftyThreeSdkTests" */ = {
			isa = XCConfigurationList;
			buildConfigurations = (
				6644312216F3C8390049E570 /* Debug */,
				6644312316F3C8390049E570 /* Release */,
			);
			defaultConfigurationIsVisible = 0;
			defaultConfigurationName = Release;
		};
		66A47BEB16D835C90016B31C /* Build configuration list for PBXProject "FiftyThreeSdkTestApp" */ = {
			isa = XCConfigurationList;
			buildConfigurations = (
				66A47C1116D835C90016B31C /* Debug */,
				66A47C1216D835C90016B31C /* Release */,
			);
			defaultConfigurationIsVisible = 0;
			defaultConfigurationName = Release;
		};
		66A47C1316D835C90016B31C /* Build configuration list for PBXNativeTarget "FiftyThreeSdkTestApp" */ = {
			isa = XCConfigurationList;
			buildConfigurations = (
				66A47C1416D835C90016B31C /* Debug */,
				66A47C1516D835C90016B31C /* Release */,
			);
			defaultConfigurationIsVisible = 0;
			defaultConfigurationName = Release;
		};
/* End XCConfigurationList section */
	};
	rootObject = 66A47BE816D835C90016B31C /* Project object */;
}
