// !$*UTF8*$!
{
	archiveVersion = 1;
	classes = {
	};
	objectVersion = 46;
	objects = {

/* Begin PBXBuildFile section */
		0416CABA18A42B51004EAC00 /* ClassificationProxy.cpp in Sources */ = {isa = PBXBuildFile; fileRef = 0416CA8B18A42B51004EAC00 /* ClassificationProxy.cpp */; };
		0416CABB18A42B51004EAC00 /* Cluster.cpp in Sources */ = {isa = PBXBuildFile; fileRef = 0416CA8E18A42B51004EAC00 /* Cluster.cpp */; };
		0416CABC18A42B51004EAC00 /* Debug.cpp in Sources */ = {isa = PBXBuildFile; fileRef = 0416CA9418A42B51004EAC00 /* Debug.cpp */; };
		0416CABD18A42B51004EAC00 /* DumbStylus.cpp in Sources */ = {isa = PBXBuildFile; fileRef = 0416CA9618A42B51004EAC00 /* DumbStylus.cpp */; };
		0416CABE18A42B51004EAC00 /* EigenLAB.cpp in Sources */ = {isa = PBXBuildFile; fileRef = 0416CA9818A42B51004EAC00 /* EigenLAB.cpp */; };
		0416CABF18A42B51004EAC00 /* FiniteDifferences.cpp in Sources */ = {isa = PBXBuildFile; fileRef = 0416CA9A18A42B51004EAC00 /* FiniteDifferences.cpp */; };
		0416CAC018A42B51004EAC00 /* Helpers.mm in Sources */ = {isa = PBXBuildFile; fileRef = 0416CA9D18A42B51004EAC00 /* Helpers.mm */; };
		0416CAC118A42B51004EAC00 /* IsolatedStrokes.cpp in Sources */ = {isa = PBXBuildFile; fileRef = 0416CA9F18A42B51004EAC00 /* IsolatedStrokes.cpp */; };
		0416CAC218A42B51004EAC00 /* IsolatedStrokesCalibration.cpp in Sources */ = {isa = PBXBuildFile; fileRef = 0416CAA118A42B51004EAC00 /* IsolatedStrokesCalibration.cpp */; };
		0416CAC418A42B51004EAC00 /* LineFitting.cpp in Sources */ = {isa = PBXBuildFile; fileRef = 0416CAA418A42B51004EAC00 /* LineFitting.cpp */; };
		0416CAC618A42B51004EAC00 /* PenDirection.cpp in Sources */ = {isa = PBXBuildFile; fileRef = 0416CAA818A42B51004EAC00 /* PenDirection.cpp */; };
		0416CAC718A42B51004EAC00 /* PenEvents.cpp in Sources */ = {isa = PBXBuildFile; fileRef = 0416CAAA18A42B51004EAC00 /* PenEvents.cpp */; };
		0416CAC818A42B51004EAC00 /* Performance.cpp in Sources */ = {isa = PBXBuildFile; fileRef = 0416CAAC18A42B51004EAC00 /* Performance.cpp */; };
		0416CAC918A42B51004EAC00 /* Playback.cpp in Sources */ = {isa = PBXBuildFile; fileRef = 0416CAAE18A42B51004EAC00 /* Playback.cpp */; };
		0416CACB18A42B51004EAC00 /* Screen.cpp in Sources */ = {isa = PBXBuildFile; fileRef = 0416CAB218A42B51004EAC00 /* Screen.cpp */; };
		0416CACC18A42B51004EAC00 /* Stroke.cpp in Sources */ = {isa = PBXBuildFile; fileRef = 0416CAB418A42B51004EAC00 /* Stroke.cpp */; };
		0416CACD18A42B51004EAC00 /* TouchLogger.cpp in Sources */ = {isa = PBXBuildFile; fileRef = 0416CAB618A42B51004EAC00 /* TouchLogger.cpp */; };
		04493DE518C545140003AFB8 /* TouchClassifierImpl.cpp in Sources */ = {isa = PBXBuildFile; fileRef = 04493DE318C545140003AFB8 /* TouchClassifierImpl.cpp */; };
		04493E2F18C6223C0003AFB8 /* PairingSpotView.mm in Sources */ = {isa = PBXBuildFile; fileRef = 04493E2E18C6223C0003AFB8 /* PairingSpotView.mm */; };
		04E99BEC18BFE53500BC4DCB /* FTTrialSeparationMonitor.mm in Sources */ = {isa = PBXBuildFile; fileRef = 04E99BEB18BFE53500BC4DCB /* FTTrialSeparationMonitor.mm */; };
		04E99C5418BFF12400BC4DCB /* TouchClassifier.cpp in Sources */ = {isa = PBXBuildFile; fileRef = 04E99C5218BFF12400BC4DCB /* TouchClassifier.cpp */; };
		3C02E084183698E100420B95 /* FTLog.m in Sources */ = {isa = PBXBuildFile; fileRef = 3C02E083183698E100420B95 /* FTLog.m */; };
		3C2F9C3A1780758300A5FFBC /* FTPeripheralDelegate.m in Sources */ = {isa = PBXBuildFile; fileRef = 3C2F9C391780758300A5FFBC /* FTPeripheralDelegate.m */; };
		3C2F9C3D1780786F00A5FFBC /* FTPenServiceClient.m in Sources */ = {isa = PBXBuildFile; fileRef = 3C2F9C3C1780786F00A5FFBC /* FTPenServiceClient.m */; };
		3C2F9C411780802600A5FFBC /* FTServiceClient.m in Sources */ = {isa = PBXBuildFile; fileRef = 3C2F9C401780802600A5FFBC /* FTServiceClient.m */; };
		3C2F9C441780A7BA00A5FFBC /* FTPenUsageServiceClient.m in Sources */ = {isa = PBXBuildFile; fileRef = 3C2F9C431780A7BA00A5FFBC /* FTPenUsageServiceClient.m */; };
		3C404F7B1784C5A200EB7B9A /* FTError.m in Sources */ = {isa = PBXBuildFile; fileRef = 3C404F7A1784C5A200EB7B9A /* FTError.m */; };
		3CC31DF417933C5F002CD4FB /* TKEvent.m in Sources */ = {isa = PBXBuildFile; fileRef = 3CC31DEE17933C5F002CD4FB /* TKEvent.m */; };
		3CC31DF517933C5F002CD4FB /* TKState.m in Sources */ = {isa = PBXBuildFile; fileRef = 3CC31DF017933C5F002CD4FB /* TKState.m */; };
		3CC31DF617933C5F002CD4FB /* TKStateMachine.m in Sources */ = {isa = PBXBuildFile; fileRef = 3CC31DF217933C5F002CD4FB /* TKStateMachine.m */; };
		3CE80BD117CE6DC900AA73A0 /* CBPeripheral+Helpers.m in Sources */ = {isa = PBXBuildFile; fileRef = 3CE80BD017CE6DC900AA73A0 /* CBPeripheral+Helpers.m */; };
		3CE80BD417CE6DE700AA73A0 /* CBCharacteristic+Helpers.m in Sources */ = {isa = PBXBuildFile; fileRef = 3CE80BD317CE6DE600AA73A0 /* CBCharacteristic+Helpers.m */; };
		3CF1369417A9F4440006AB2E /* FTFirmwareUpdateProgressView.m in Sources */ = {isa = PBXBuildFile; fileRef = 3CF1369317A9F4430006AB2E /* FTFirmwareUpdateProgressView.m */; };
		3CF2306F177E13910049A9EF /* FTServiceUUIDs.m in Sources */ = {isa = PBXBuildFile; fileRef = 3CF2306E177E13910049A9EF /* FTServiceUUIDs.m */; };
		663AFED916FA6BD800681A90 /* PenEvent.cpp in Sources */ = {isa = PBXBuildFile; fileRef = 663AFED716FA6BD800681A90 /* PenEvent.cpp */; };
		666DC55E170CF33C00D6B3C2 /* FTApplication.mm in Sources */ = {isa = PBXBuildFile; fileRef = 666DC55D170CF33C00D6B3C2 /* FTApplication.mm */; };
		66A8387516E52D840048FFE4 /* Foundation.framework in Frameworks */ = {isa = PBXBuildFile; fileRef = 66A8387416E52D840048FFE4 /* Foundation.framework */; };
		66BEC2861703B397009207F9 /* FTFirmwareManager.m in Sources */ = {isa = PBXBuildFile; fileRef = 66BEC2851703B397009207F9 /* FTFirmwareManager.m */; };
		66D779B916E57461001C4F55 /* FTDeviceInfoServiceClient.m in Sources */ = {isa = PBXBuildFile; fileRef = 66D779B016E57461001C4F55 /* FTDeviceInfoServiceClient.m */; };
		66D779BA16E57461001C4F55 /* FTPen.m in Sources */ = {isa = PBXBuildFile; fileRef = 66D779B316E57461001C4F55 /* FTPen.m */; };
		66D779BB16E57461001C4F55 /* FTPenManager.m in Sources */ = {isa = PBXBuildFile; fileRef = 66D779B516E57461001C4F55 /* FTPenManager.m */; };
		66D779BC16E57461001C4F55 /* TIUpdateManager.mm in Sources */ = {isa = PBXBuildFile; fileRef = 66D779B816E57461001C4F55 /* TIUpdateManager.mm */; };
/* End PBXBuildFile section */

/* Begin PBXFileReference section */
		0416CA8B18A42B51004EAC00 /* ClassificationProxy.cpp */ = {isa = PBXFileReference; fileEncoding = 4; lastKnownFileType = sourcecode.cpp.cpp; path = ClassificationProxy.cpp; sourceTree = "<group>"; };
		0416CA8C18A42B51004EAC00 /* ClassificationProxy.h */ = {isa = PBXFileReference; fileEncoding = 4; lastKnownFileType = sourcecode.c.h; path = ClassificationProxy.h; sourceTree = "<group>"; };
		0416CA8D18A42B51004EAC00 /* Classifier.h */ = {isa = PBXFileReference; fileEncoding = 4; lastKnownFileType = sourcecode.c.h; path = Classifier.h; sourceTree = "<group>"; };
		0416CA8E18A42B51004EAC00 /* Cluster.cpp */ = {isa = PBXFileReference; fileEncoding = 4; lastKnownFileType = sourcecode.cpp.cpp; path = Cluster.cpp; sourceTree = "<group>"; };
		0416CA8F18A42B51004EAC00 /* Cluster.h */ = {isa = PBXFileReference; fileEncoding = 4; lastKnownFileType = sourcecode.c.h; path = Cluster.h; sourceTree = "<group>"; };
		0416CA9018A42B51004EAC00 /* CommonDeclarations.h */ = {isa = PBXFileReference; fileEncoding = 4; lastKnownFileType = sourcecode.c.h; path = CommonDeclarations.h; sourceTree = "<group>"; };
		0416CA9218A42B51004EAC00 /* CubicPolynomial.hpp */ = {isa = PBXFileReference; fileEncoding = 4; lastKnownFileType = sourcecode.cpp.h; path = CubicPolynomial.hpp; sourceTree = "<group>"; };
		0416CA9318A42B51004EAC00 /* DataStream.hpp */ = {isa = PBXFileReference; fileEncoding = 4; lastKnownFileType = sourcecode.cpp.h; path = DataStream.hpp; sourceTree = "<group>"; };
		0416CA9418A42B51004EAC00 /* Debug.cpp */ = {isa = PBXFileReference; fileEncoding = 4; lastKnownFileType = sourcecode.cpp.cpp; path = Debug.cpp; sourceTree = "<group>"; };
		0416CA9518A42B51004EAC00 /* Debug.h */ = {isa = PBXFileReference; fileEncoding = 4; lastKnownFileType = sourcecode.c.h; path = Debug.h; sourceTree = "<group>"; };
		0416CA9618A42B51004EAC00 /* DumbStylus.cpp */ = {isa = PBXFileReference; fileEncoding = 4; lastKnownFileType = sourcecode.cpp.cpp; path = DumbStylus.cpp; sourceTree = "<group>"; };
		0416CA9718A42B51004EAC00 /* DumbStylus.h */ = {isa = PBXFileReference; fileEncoding = 4; lastKnownFileType = sourcecode.c.h; path = DumbStylus.h; sourceTree = "<group>"; };
		0416CA9818A42B51004EAC00 /* EigenLAB.cpp */ = {isa = PBXFileReference; fileEncoding = 4; lastKnownFileType = sourcecode.cpp.cpp; path = EigenLAB.cpp; sourceTree = "<group>"; };
		0416CA9918A42B51004EAC00 /* EigenLAB.h */ = {isa = PBXFileReference; fileEncoding = 4; lastKnownFileType = sourcecode.c.h; path = EigenLAB.h; sourceTree = "<group>"; };
		0416CA9A18A42B51004EAC00 /* FiniteDifferences.cpp */ = {isa = PBXFileReference; fileEncoding = 4; lastKnownFileType = sourcecode.cpp.cpp; path = FiniteDifferences.cpp; sourceTree = "<group>"; };
		0416CA9B18A42B51004EAC00 /* FiniteDifferences.h */ = {isa = PBXFileReference; fileEncoding = 4; lastKnownFileType = sourcecode.c.h; path = FiniteDifferences.h; sourceTree = "<group>"; };
		0416CA9C18A42B51004EAC00 /* Helpers.h */ = {isa = PBXFileReference; fileEncoding = 4; lastKnownFileType = sourcecode.c.h; path = Helpers.h; sourceTree = "<group>"; };
		0416CA9D18A42B51004EAC00 /* Helpers.mm */ = {isa = PBXFileReference; fileEncoding = 4; lastKnownFileType = sourcecode.cpp.objcpp; path = Helpers.mm; sourceTree = "<group>"; };
		0416CA9E18A42B51004EAC00 /* HelpersObjC.h */ = {isa = PBXFileReference; fileEncoding = 4; lastKnownFileType = sourcecode.c.h; path = HelpersObjC.h; sourceTree = "<group>"; };
		0416CA9F18A42B51004EAC00 /* IsolatedStrokes.cpp */ = {isa = PBXFileReference; fileEncoding = 4; lastKnownFileType = sourcecode.cpp.cpp; path = IsolatedStrokes.cpp; sourceTree = "<group>"; };
		0416CAA018A42B51004EAC00 /* IsolatedStrokes.h */ = {isa = PBXFileReference; fileEncoding = 4; lastKnownFileType = sourcecode.c.h; path = IsolatedStrokes.h; sourceTree = "<group>"; };
		0416CAA118A42B51004EAC00 /* IsolatedStrokesCalibration.cpp */ = {isa = PBXFileReference; fileEncoding = 4; lastKnownFileType = sourcecode.cpp.cpp; path = IsolatedStrokesCalibration.cpp; sourceTree = "<group>"; };
		0416CAA318A42B51004EAC00 /* LinAlgHelpers.h */ = {isa = PBXFileReference; fileEncoding = 4; lastKnownFileType = sourcecode.c.h; path = LinAlgHelpers.h; sourceTree = "<group>"; };
		0416CAA418A42B51004EAC00 /* LineFitting.cpp */ = {isa = PBXFileReference; fileEncoding = 4; lastKnownFileType = sourcecode.cpp.cpp; path = LineFitting.cpp; sourceTree = "<group>"; };
		0416CAA518A42B51004EAC00 /* LineFitting.h */ = {isa = PBXFileReference; fileEncoding = 4; lastKnownFileType = sourcecode.c.h; path = LineFitting.h; sourceTree = "<group>"; };
		0416CAA818A42B51004EAC00 /* PenDirection.cpp */ = {isa = PBXFileReference; fileEncoding = 4; lastKnownFileType = sourcecode.cpp.cpp; path = PenDirection.cpp; sourceTree = "<group>"; };
		0416CAA918A42B51004EAC00 /* PenDirection.h */ = {isa = PBXFileReference; fileEncoding = 4; lastKnownFileType = sourcecode.c.h; path = PenDirection.h; sourceTree = "<group>"; };
		0416CAAA18A42B51004EAC00 /* PenEvents.cpp */ = {isa = PBXFileReference; fileEncoding = 4; lastKnownFileType = sourcecode.cpp.cpp; path = PenEvents.cpp; sourceTree = "<group>"; };
		0416CAAB18A42B51004EAC00 /* PenEvents.h */ = {isa = PBXFileReference; fileEncoding = 4; lastKnownFileType = sourcecode.c.h; path = PenEvents.h; sourceTree = "<group>"; };
		0416CAAC18A42B51004EAC00 /* Performance.cpp */ = {isa = PBXFileReference; fileEncoding = 4; lastKnownFileType = sourcecode.cpp.cpp; path = Performance.cpp; sourceTree = "<group>"; };
		0416CAAD18A42B51004EAC00 /* Performance.h */ = {isa = PBXFileReference; fileEncoding = 4; lastKnownFileType = sourcecode.c.h; path = Performance.h; sourceTree = "<group>"; };
		0416CAAE18A42B51004EAC00 /* Playback.cpp */ = {isa = PBXFileReference; fileEncoding = 4; lastKnownFileType = sourcecode.cpp.cpp; path = Playback.cpp; sourceTree = "<group>"; };
		0416CAAF18A42B51004EAC00 /* Playback.h */ = {isa = PBXFileReference; fileEncoding = 4; lastKnownFileType = sourcecode.c.h; path = Playback.h; sourceTree = "<group>"; };
		0416CAB118A42B51004EAC00 /* Quadrature.h */ = {isa = PBXFileReference; fileEncoding = 4; lastKnownFileType = sourcecode.c.h; path = Quadrature.h; sourceTree = "<group>"; };
		0416CAB218A42B51004EAC00 /* Screen.cpp */ = {isa = PBXFileReference; fileEncoding = 4; lastKnownFileType = sourcecode.cpp.cpp; path = Screen.cpp; sourceTree = "<group>"; };
		0416CAB318A42B51004EAC00 /* Screen.h */ = {isa = PBXFileReference; fileEncoding = 4; lastKnownFileType = sourcecode.c.h; path = Screen.h; sourceTree = "<group>"; };
		0416CAB418A42B51004EAC00 /* Stroke.cpp */ = {isa = PBXFileReference; fileEncoding = 4; lastKnownFileType = sourcecode.cpp.cpp; path = Stroke.cpp; sourceTree = "<group>"; };
		0416CAB518A42B51004EAC00 /* Stroke.h */ = {isa = PBXFileReference; fileEncoding = 4; lastKnownFileType = sourcecode.c.h; path = Stroke.h; sourceTree = "<group>"; };
		0416CAB618A42B51004EAC00 /* TouchLogger.cpp */ = {isa = PBXFileReference; fileEncoding = 4; lastKnownFileType = sourcecode.cpp.cpp; path = TouchLogger.cpp; sourceTree = "<group>"; };
		0416CAB718A42B51004EAC00 /* TouchLogger.h */ = {isa = PBXFileReference; fileEncoding = 4; lastKnownFileType = sourcecode.c.h; path = TouchLogger.h; sourceTree = "<group>"; };
		04493DE318C545140003AFB8 /* TouchClassifierImpl.cpp */ = {isa = PBXFileReference; fileEncoding = 4; lastKnownFileType = sourcecode.cpp.cpp; name = TouchClassifierImpl.cpp; path = FiftyThreeSdk/TouchClassifierImpl.cpp; sourceTree = "<group>"; };
		04493DE418C545140003AFB8 /* TouchClassifierImpl.h */ = {isa = PBXFileReference; fileEncoding = 4; lastKnownFileType = sourcecode.c.h; name = TouchClassifierImpl.h; path = FiftyThreeSdk/TouchClassifierImpl.h; sourceTree = "<group>"; };
		04493E2D18C6223C0003AFB8 /* PairingSpotView.h */ = {isa = PBXFileReference; fileEncoding = 4; lastKnownFileType = sourcecode.c.h; name = PairingSpotView.h; path = FiftyThreeSdk/PairingSpotView.h; sourceTree = "<group>"; };
		04493E2E18C6223C0003AFB8 /* PairingSpotView.mm */ = {isa = PBXFileReference; fileEncoding = 4; lastKnownFileType = sourcecode.cpp.objcpp; name = PairingSpotView.mm; path = FiftyThreeSdk/PairingSpotView.mm; sourceTree = "<group>"; };
		0493D9DC18B6957B0049FEFC /* Eigen.h */ = {isa = PBXFileReference; lastKnownFileType = sourcecode.c.h; path = Eigen.h; sourceTree = "<group>"; };
		04E99BEA18BFE53500BC4DCB /* FTTrialSeparationMonitor.h */ = {isa = PBXFileReference; fileEncoding = 4; lastKnownFileType = sourcecode.c.h; name = FTTrialSeparationMonitor.h; path = FiftyThreeSdk/FTTrialSeparationMonitor.h; sourceTree = "<group>"; };
		04E99BEB18BFE53500BC4DCB /* FTTrialSeparationMonitor.mm */ = {isa = PBXFileReference; fileEncoding = 4; lastKnownFileType = sourcecode.cpp.objcpp; name = FTTrialSeparationMonitor.mm; path = FiftyThreeSdk/FTTrialSeparationMonitor.mm; sourceTree = "<group>"; };
		04E99C5218BFF12400BC4DCB /* TouchClassifier.cpp */ = {isa = PBXFileReference; fileEncoding = 4; lastKnownFileType = sourcecode.cpp.cpp; name = TouchClassifier.cpp; path = FiftyThreeSdk/TouchClassifier.cpp; sourceTree = "<group>"; };
		04E99C5318BFF12400BC4DCB /* TouchClassifier.h */ = {isa = PBXFileReference; fileEncoding = 4; lastKnownFileType = sourcecode.c.h; name = TouchClassifier.h; path = FiftyThreeSdk/TouchClassifier.h; sourceTree = "<group>"; };
		3C02E083183698E100420B95 /* FTLog.m */ = {isa = PBXFileReference; fileEncoding = 4; lastKnownFileType = sourcecode.c.objc; name = FTLog.m; path = FiftyThreeSdk/FTLog.m; sourceTree = "<group>"; };
		3C2F9C381780758300A5FFBC /* FTPeripheralDelegate.h */ = {isa = PBXFileReference; fileEncoding = 4; lastKnownFileType = sourcecode.c.h; name = FTPeripheralDelegate.h; path = FiftyThreeSdk/FTPeripheralDelegate.h; sourceTree = SOURCE_ROOT; };
		3C2F9C391780758300A5FFBC /* FTPeripheralDelegate.m */ = {isa = PBXFileReference; fileEncoding = 4; lastKnownFileType = sourcecode.c.objc; name = FTPeripheralDelegate.m; path = FiftyThreeSdk/FTPeripheralDelegate.m; sourceTree = SOURCE_ROOT; };
		3C2F9C3B1780786F00A5FFBC /* FTPenServiceClient.h */ = {isa = PBXFileReference; fileEncoding = 4; lastKnownFileType = sourcecode.c.h; name = FTPenServiceClient.h; path = FiftyThreeSdk/FTPenServiceClient.h; sourceTree = SOURCE_ROOT; };
		3C2F9C3C1780786F00A5FFBC /* FTPenServiceClient.m */ = {isa = PBXFileReference; fileEncoding = 4; lastKnownFileType = sourcecode.c.objc; name = FTPenServiceClient.m; path = FiftyThreeSdk/FTPenServiceClient.m; sourceTree = SOURCE_ROOT; };
		3C2F9C3F1780802600A5FFBC /* FTServiceClient.h */ = {isa = PBXFileReference; fileEncoding = 4; lastKnownFileType = sourcecode.c.h; name = FTServiceClient.h; path = FiftyThreeSdk/FTServiceClient.h; sourceTree = SOURCE_ROOT; };
		3C2F9C401780802600A5FFBC /* FTServiceClient.m */ = {isa = PBXFileReference; fileEncoding = 4; lastKnownFileType = sourcecode.c.objc; name = FTServiceClient.m; path = FiftyThreeSdk/FTServiceClient.m; sourceTree = SOURCE_ROOT; };
		3C2F9C421780A7BA00A5FFBC /* FTPenUsageServiceClient.h */ = {isa = PBXFileReference; fileEncoding = 4; lastKnownFileType = sourcecode.c.h; name = FTPenUsageServiceClient.h; path = FiftyThreeSdk/FTPenUsageServiceClient.h; sourceTree = SOURCE_ROOT; };
		3C2F9C431780A7BA00A5FFBC /* FTPenUsageServiceClient.m */ = {isa = PBXFileReference; fileEncoding = 4; lastKnownFileType = sourcecode.c.objc; name = FTPenUsageServiceClient.m; path = FiftyThreeSdk/FTPenUsageServiceClient.m; sourceTree = SOURCE_ROOT; };
		3C373F26186353C100830FD7 /* FiftyThreeSdk.xcconfig */ = {isa = PBXFileReference; lastKnownFileType = text.xcconfig; path = FiftyThreeSdk.xcconfig; sourceTree = "<group>"; };
		3C373F27186353D700830FD7 /* FiftyThreeSdkDebug.xcconfig */ = {isa = PBXFileReference; lastKnownFileType = text.xcconfig; path = FiftyThreeSdkDebug.xcconfig; sourceTree = "<group>"; };
		3C373F28186353FA00830FD7 /* FiftyThreeSdkInternal.xcconfig */ = {isa = PBXFileReference; lastKnownFileType = text.xcconfig; path = FiftyThreeSdkInternal.xcconfig; sourceTree = "<group>"; };
		3C373F291863540600830FD7 /* FiftyThreeSdkPreview.xcconfig */ = {isa = PBXFileReference; lastKnownFileType = text.xcconfig; path = FiftyThreeSdkPreview.xcconfig; sourceTree = "<group>"; };
		3C373F2A1863541300830FD7 /* FiftyThreeSdkProduction.xcconfig */ = {isa = PBXFileReference; lastKnownFileType = text.xcconfig; path = FiftyThreeSdkProduction.xcconfig; sourceTree = "<group>"; };
		3C373F2B1863542400830FD7 /* FiftyThreeSdkRelease.xcconfig */ = {isa = PBXFileReference; lastKnownFileType = text.xcconfig; path = FiftyThreeSdkRelease.xcconfig; sourceTree = "<group>"; };
		3C404F7A1784C5A200EB7B9A /* FTError.m */ = {isa = PBXFileReference; fileEncoding = 4; lastKnownFileType = sourcecode.c.objc; name = FTError.m; path = FiftyThreeSdk/FTError.m; sourceTree = SOURCE_ROOT; };
		3C4E641818352A4500C0BB10 /* FTLog.h */ = {isa = PBXFileReference; lastKnownFileType = sourcecode.c.h; name = FTLog.h; path = FiftyThreeSdk/FTLog.h; sourceTree = "<group>"; };
		3CC31DED17933C5F002CD4FB /* TKEvent.h */ = {isa = PBXFileReference; fileEncoding = 4; lastKnownFileType = sourcecode.c.h; name = TKEvent.h; path = ../../ThirdParty/TransitionKit/Code/TKEvent.h; sourceTree = "<group>"; };
		3CC31DEE17933C5F002CD4FB /* TKEvent.m */ = {isa = PBXFileReference; fileEncoding = 4; lastKnownFileType = sourcecode.c.objc; name = TKEvent.m; path = ../../ThirdParty/TransitionKit/Code/TKEvent.m; sourceTree = "<group>"; };
		3CC31DEF17933C5F002CD4FB /* TKState.h */ = {isa = PBXFileReference; fileEncoding = 4; lastKnownFileType = sourcecode.c.h; name = TKState.h; path = ../../ThirdParty/TransitionKit/Code/TKState.h; sourceTree = "<group>"; };
		3CC31DF017933C5F002CD4FB /* TKState.m */ = {isa = PBXFileReference; fileEncoding = 4; lastKnownFileType = sourcecode.c.objc; name = TKState.m; path = ../../ThirdParty/TransitionKit/Code/TKState.m; sourceTree = "<group>"; };
		3CC31DF117933C5F002CD4FB /* TKStateMachine.h */ = {isa = PBXFileReference; fileEncoding = 4; lastKnownFileType = sourcecode.c.h; name = TKStateMachine.h; path = ../../ThirdParty/TransitionKit/Code/TKStateMachine.h; sourceTree = "<group>"; };
		3CC31DF217933C5F002CD4FB /* TKStateMachine.m */ = {isa = PBXFileReference; fileEncoding = 4; lastKnownFileType = sourcecode.c.objc; name = TKStateMachine.m; path = ../../ThirdParty/TransitionKit/Code/TKStateMachine.m; sourceTree = "<group>"; };
		3CC31DF317933C5F002CD4FB /* TransitionKit.h */ = {isa = PBXFileReference; fileEncoding = 4; lastKnownFileType = sourcecode.c.h; name = TransitionKit.h; path = ../../ThirdParty/TransitionKit/Code/TransitionKit.h; sourceTree = "<group>"; };
		3CE80BCF17CE6DC900AA73A0 /* CBPeripheral+Helpers.h */ = {isa = PBXFileReference; fileEncoding = 4; lastKnownFileType = sourcecode.c.h; name = "CBPeripheral+Helpers.h"; path = "FiftyThreeSdk/CBPeripheral+Helpers.h"; sourceTree = "<group>"; };
		3CE80BD017CE6DC900AA73A0 /* CBPeripheral+Helpers.m */ = {isa = PBXFileReference; fileEncoding = 4; lastKnownFileType = sourcecode.c.objc; name = "CBPeripheral+Helpers.m"; path = "FiftyThreeSdk/CBPeripheral+Helpers.m"; sourceTree = "<group>"; };
		3CE80BD217CE6DE600AA73A0 /* CBCharacteristic+Helpers.h */ = {isa = PBXFileReference; fileEncoding = 4; lastKnownFileType = sourcecode.c.h; name = "CBCharacteristic+Helpers.h"; path = "FiftyThreeSdk/CBCharacteristic+Helpers.h"; sourceTree = "<group>"; };
		3CE80BD317CE6DE600AA73A0 /* CBCharacteristic+Helpers.m */ = {isa = PBXFileReference; fileEncoding = 4; lastKnownFileType = sourcecode.c.objc; name = "CBCharacteristic+Helpers.m"; path = "FiftyThreeSdk/CBCharacteristic+Helpers.m"; sourceTree = "<group>"; };
		3CF1369217A9F4430006AB2E /* FTFirmwareUpdateProgressView.h */ = {isa = PBXFileReference; fileEncoding = 4; lastKnownFileType = sourcecode.c.h; name = FTFirmwareUpdateProgressView.h; path = FiftyThreeSdk/FTFirmwareUpdateProgressView.h; sourceTree = "<group>"; };
		3CF1369317A9F4430006AB2E /* FTFirmwareUpdateProgressView.m */ = {isa = PBXFileReference; fileEncoding = 4; lastKnownFileType = sourcecode.c.objc; name = FTFirmwareUpdateProgressView.m; path = FiftyThreeSdk/FTFirmwareUpdateProgressView.m; sourceTree = "<group>"; };
		3CF2306E177E13910049A9EF /* FTServiceUUIDs.m */ = {isa = PBXFileReference; fileEncoding = 4; lastKnownFileType = sourcecode.c.objc; name = FTServiceUUIDs.m; path = FiftyThreeSdk/FTServiceUUIDs.m; sourceTree = SOURCE_ROOT; };
		661993D516EF973900B2BEE9 /* FTError.h */ = {isa = PBXFileReference; fileEncoding = 4; lastKnownFileType = sourcecode.c.h; name = FTError.h; path = FiftyThreeSdk/FTError.h; sourceTree = SOURCE_ROOT; };
		663AFED716FA6BD800681A90 /* PenEvent.cpp */ = {isa = PBXFileReference; fileEncoding = 4; lastKnownFileType = sourcecode.cpp.cpp; name = PenEvent.cpp; path = FiftyThreeSdk/PenEvent.cpp; sourceTree = SOURCE_ROOT; };
		663AFED816FA6BD800681A90 /* PenEvent.h */ = {isa = PBXFileReference; fileEncoding = 4; lastKnownFileType = sourcecode.c.h; name = PenEvent.h; path = FiftyThreeSdk/PenEvent.h; sourceTree = SOURCE_ROOT; };
		6644317216F7FB920049E570 /* boost.framework */ = {isa = PBXFileReference; lastKnownFileType = wrapper.framework; name = boost.framework; path = ../../ThirdParty/boost/framework/boost.framework; sourceTree = "<group>"; };
		665C1F5E16F0F23100F1BCB7 /* FTPen+Private.h */ = {isa = PBXFileReference; fileEncoding = 4; lastKnownFileType = sourcecode.c.h; name = "FTPen+Private.h"; path = "FiftyThreeSdk/FTPen+Private.h"; sourceTree = SOURCE_ROOT; };
		666DC55C170CF33C00D6B3C2 /* FTApplication.h */ = {isa = PBXFileReference; fileEncoding = 4; lastKnownFileType = sourcecode.c.h; name = FTApplication.h; path = FiftyThreeSdk/FTApplication.h; sourceTree = SOURCE_ROOT; };
		666DC55D170CF33C00D6B3C2 /* FTApplication.mm */ = {isa = PBXFileReference; fileEncoding = 4; lastKnownFileType = sourcecode.cpp.objcpp; name = FTApplication.mm; path = FiftyThreeSdk/FTApplication.mm; sourceTree = SOURCE_ROOT; };
		66A8387116E52D840048FFE4 /* libFiftyThreeSdk.a */ = {isa = PBXFileReference; explicitFileType = archive.ar; includeInIndex = 0; path = libFiftyThreeSdk.a; sourceTree = BUILT_PRODUCTS_DIR; };
		66A8387416E52D840048FFE4 /* Foundation.framework */ = {isa = PBXFileReference; lastKnownFileType = wrapper.framework; name = Foundation.framework; path = System/Library/Frameworks/Foundation.framework; sourceTree = SDKROOT; };
		66BEC2841703B397009207F9 /* FTFirmwareManager.h */ = {isa = PBXFileReference; fileEncoding = 4; lastKnownFileType = sourcecode.c.h; name = FTFirmwareManager.h; path = FiftyThreeSdk/FTFirmwareManager.h; sourceTree = SOURCE_ROOT; };
		66BEC2851703B397009207F9 /* FTFirmwareManager.m */ = {isa = PBXFileReference; fileEncoding = 4; lastKnownFileType = sourcecode.c.objc; name = FTFirmwareManager.m; path = FiftyThreeSdk/FTFirmwareManager.m; sourceTree = SOURCE_ROOT; };
		66D2B4A116F2A8A900E11FE6 /* FTPenManager+Private.h */ = {isa = PBXFileReference; fileEncoding = 4; lastKnownFileType = sourcecode.c.h; name = "FTPenManager+Private.h"; path = "FiftyThreeSdk/FTPenManager+Private.h"; sourceTree = SOURCE_ROOT; };
		66D779AE16E57461001C4F55 /* FiftyThreeSdk-Prefix.pch */ = {isa = PBXFileReference; fileEncoding = 4; lastKnownFileType = sourcecode.c.h; name = "FiftyThreeSdk-Prefix.pch"; path = "FiftyThreeSdk/FiftyThreeSdk-Prefix.pch"; sourceTree = SOURCE_ROOT; };
		66D779AF16E57461001C4F55 /* FTDeviceInfoServiceClient.h */ = {isa = PBXFileReference; fileEncoding = 4; lastKnownFileType = sourcecode.c.h; name = FTDeviceInfoServiceClient.h; path = FiftyThreeSdk/FTDeviceInfoServiceClient.h; sourceTree = SOURCE_ROOT; };
		66D779B016E57461001C4F55 /* FTDeviceInfoServiceClient.m */ = {isa = PBXFileReference; fileEncoding = 4; lastKnownFileType = sourcecode.c.objc; name = FTDeviceInfoServiceClient.m; path = FiftyThreeSdk/FTDeviceInfoServiceClient.m; sourceTree = SOURCE_ROOT; };
		66D779B116E57461001C4F55 /* FTPen.h */ = {isa = PBXFileReference; fileEncoding = 4; lastKnownFileType = sourcecode.c.h; name = FTPen.h; path = FiftyThreeSdk/FTPen.h; sourceTree = SOURCE_ROOT; };
		66D779B316E57461001C4F55 /* FTPen.m */ = {isa = PBXFileReference; fileEncoding = 4; lastKnownFileType = sourcecode.c.objc; name = FTPen.m; path = FiftyThreeSdk/FTPen.m; sourceTree = SOURCE_ROOT; };
		66D779B416E57461001C4F55 /* FTPenManager.h */ = {isa = PBXFileReference; fileEncoding = 4; lastKnownFileType = sourcecode.c.h; name = FTPenManager.h; path = FiftyThreeSdk/FTPenManager.h; sourceTree = SOURCE_ROOT; };
		66D779B516E57461001C4F55 /* FTPenManager.m */ = {isa = PBXFileReference; fileEncoding = 4; lastKnownFileType = sourcecode.c.objc; name = FTPenManager.m; path = FiftyThreeSdk/FTPenManager.m; sourceTree = SOURCE_ROOT; };
		66D779B616E57461001C4F55 /* FTServiceUUIDs.h */ = {isa = PBXFileReference; fileEncoding = 4; lastKnownFileType = sourcecode.c.h; name = FTServiceUUIDs.h; path = FiftyThreeSdk/FTServiceUUIDs.h; sourceTree = SOURCE_ROOT; };
		66D779B716E57461001C4F55 /* TIUpdateManager.h */ = {isa = PBXFileReference; fileEncoding = 4; lastKnownFileType = sourcecode.c.h; name = TIUpdateManager.h; path = FiftyThreeSdk/TIUpdateManager.h; sourceTree = SOURCE_ROOT; };
		66D779B816E57461001C4F55 /* TIUpdateManager.mm */ = {isa = PBXFileReference; fileEncoding = 4; lastKnownFileType = sourcecode.cpp.objcpp; name = TIUpdateManager.mm; path = FiftyThreeSdk/TIUpdateManager.mm; sourceTree = SOURCE_ROOT; };
/* End PBXFileReference section */

/* Begin PBXFrameworksBuildPhase section */
		66A8386E16E52D840048FFE4 /* Frameworks */ = {
			isa = PBXFrameworksBuildPhase;
			buildActionMask = 2147483647;
			files = (
				66A8387516E52D840048FFE4 /* Foundation.framework in Frameworks */,
			);
			runOnlyForDeploymentPostprocessing = 0;
		};
/* End PBXFrameworksBuildPhase section */

/* Begin PBXGroup section */
		0416CA8918A42B51004EAC00 /* Classification */ = {
			isa = PBXGroup;
			children = (
				0416CA8B18A42B51004EAC00 /* ClassificationProxy.cpp */,
				0416CA8C18A42B51004EAC00 /* ClassificationProxy.h */,
				0416CA8D18A42B51004EAC00 /* Classifier.h */,
				0416CA8E18A42B51004EAC00 /* Cluster.cpp */,
				0416CA8F18A42B51004EAC00 /* Cluster.h */,
				0416CA9018A42B51004EAC00 /* CommonDeclarations.h */,
				0416CA9218A42B51004EAC00 /* CubicPolynomial.hpp */,
				0416CA9318A42B51004EAC00 /* DataStream.hpp */,
				0416CA9418A42B51004EAC00 /* Debug.cpp */,
				0416CA9518A42B51004EAC00 /* Debug.h */,
				0416CA9618A42B51004EAC00 /* DumbStylus.cpp */,
				0416CA9718A42B51004EAC00 /* DumbStylus.h */,
				0493D9DC18B6957B0049FEFC /* Eigen.h */,
				0416CA9818A42B51004EAC00 /* EigenLAB.cpp */,
				0416CA9918A42B51004EAC00 /* EigenLAB.h */,
				0416CA9A18A42B51004EAC00 /* FiniteDifferences.cpp */,
				0416CA9B18A42B51004EAC00 /* FiniteDifferences.h */,
				0416CA9C18A42B51004EAC00 /* Helpers.h */,
				0416CA9D18A42B51004EAC00 /* Helpers.mm */,
				0416CA9E18A42B51004EAC00 /* HelpersObjC.h */,
				0416CA9F18A42B51004EAC00 /* IsolatedStrokes.cpp */,
				0416CAA018A42B51004EAC00 /* IsolatedStrokes.h */,
				0416CAA118A42B51004EAC00 /* IsolatedStrokesCalibration.cpp */,
				0416CAA318A42B51004EAC00 /* LinAlgHelpers.h */,
				0416CAA418A42B51004EAC00 /* LineFitting.cpp */,
				0416CAA518A42B51004EAC00 /* LineFitting.h */,
				0416CAA818A42B51004EAC00 /* PenDirection.cpp */,
				0416CAA918A42B51004EAC00 /* PenDirection.h */,
				0416CAAA18A42B51004EAC00 /* PenEvents.cpp */,
				0416CAAB18A42B51004EAC00 /* PenEvents.h */,
				0416CAAC18A42B51004EAC00 /* Performance.cpp */,
				0416CAAD18A42B51004EAC00 /* Performance.h */,
				0416CAAE18A42B51004EAC00 /* Playback.cpp */,
				0416CAAF18A42B51004EAC00 /* Playback.h */,
				0416CAB118A42B51004EAC00 /* Quadrature.h */,
				0416CAB218A42B51004EAC00 /* Screen.cpp */,
				0416CAB318A42B51004EAC00 /* Screen.h */,
				0416CAB418A42B51004EAC00 /* Stroke.cpp */,
				0416CAB518A42B51004EAC00 /* Stroke.h */,
				0416CAB618A42B51004EAC00 /* TouchLogger.cpp */,
				0416CAB718A42B51004EAC00 /* TouchLogger.h */,
			);
			name = Classification;
			path = FiftyThreeSdk/Classification;
			sourceTree = "<group>";
		};
		3C2F9C3E17807FCF00A5FFBC /* Services */ = {
			isa = PBXGroup;
			children = (
				3CE80BD217CE6DE600AA73A0 /* CBCharacteristic+Helpers.h */,
				3CE80BD317CE6DE600AA73A0 /* CBCharacteristic+Helpers.m */,
				3CE80BCF17CE6DC900AA73A0 /* CBPeripheral+Helpers.h */,
				3CE80BD017CE6DC900AA73A0 /* CBPeripheral+Helpers.m */,
				66D779AF16E57461001C4F55 /* FTDeviceInfoServiceClient.h */,
				66D779B016E57461001C4F55 /* FTDeviceInfoServiceClient.m */,
				3C2F9C3B1780786F00A5FFBC /* FTPenServiceClient.h */,
				3C2F9C3C1780786F00A5FFBC /* FTPenServiceClient.m */,
				3C2F9C421780A7BA00A5FFBC /* FTPenUsageServiceClient.h */,
				3C2F9C431780A7BA00A5FFBC /* FTPenUsageServiceClient.m */,
				3C2F9C3F1780802600A5FFBC /* FTServiceClient.h */,
				3C2F9C401780802600A5FFBC /* FTServiceClient.m */,
				66D779B616E57461001C4F55 /* FTServiceUUIDs.h */,
				3CF2306E177E13910049A9EF /* FTServiceUUIDs.m */,
			);
			name = Services;
			sourceTree = "<group>";
		};
		3C373F241863537700830FD7 /* BuildConfigurations */ = {
			isa = PBXGroup;
			children = (
				3C373F26186353C100830FD7 /* FiftyThreeSdk.xcconfig */,
				3C373F27186353D700830FD7 /* FiftyThreeSdkDebug.xcconfig */,
				3C373F28186353FA00830FD7 /* FiftyThreeSdkInternal.xcconfig */,
				3C373F291863540600830FD7 /* FiftyThreeSdkPreview.xcconfig */,
				3C373F2A1863541300830FD7 /* FiftyThreeSdkProduction.xcconfig */,
				3C373F2B1863542400830FD7 /* FiftyThreeSdkRelease.xcconfig */,
			);
			name = BuildConfigurations;
			sourceTree = "<group>";
		};
		3CC31DCB17933ABB002CD4FB /* TransitionKit */ = {
			isa = PBXGroup;
			children = (
				3CC31DED17933C5F002CD4FB /* TKEvent.h */,
				3CC31DEE17933C5F002CD4FB /* TKEvent.m */,
				3CC31DEF17933C5F002CD4FB /* TKState.h */,
				3CC31DF017933C5F002CD4FB /* TKState.m */,
				3CC31DF117933C5F002CD4FB /* TKStateMachine.h */,
				3CC31DF217933C5F002CD4FB /* TKStateMachine.m */,
				3CC31DF317933C5F002CD4FB /* TransitionKit.h */,
			);
			name = TransitionKit;
			sourceTree = "<group>";
		};
		6665F819170F8AC90027BAD1 /* PenManager */ = {
			isa = PBXGroup;
			children = (
				661993D516EF973900B2BEE9 /* FTError.h */,
				3C404F7A1784C5A200EB7B9A /* FTError.m */,
				66BEC2841703B397009207F9 /* FTFirmwareManager.h */,
				66BEC2851703B397009207F9 /* FTFirmwareManager.m */,
				3CF1369217A9F4430006AB2E /* FTFirmwareUpdateProgressView.h */,
				3CF1369317A9F4430006AB2E /* FTFirmwareUpdateProgressView.m */,
				3C02E083183698E100420B95 /* FTLog.m */,
				665C1F5E16F0F23100F1BCB7 /* FTPen+Private.h */,
				66D779B316E57461001C4F55 /* FTPen.m */,
				66D2B4A116F2A8A900E11FE6 /* FTPenManager+Private.h */,
				66D779B516E57461001C4F55 /* FTPenManager.m */,
				3C2F9C381780758300A5FFBC /* FTPeripheralDelegate.h */,
				3C2F9C391780758300A5FFBC /* FTPeripheralDelegate.m */,
				04E99BEA18BFE53500BC4DCB /* FTTrialSeparationMonitor.h */,
				04E99BEB18BFE53500BC4DCB /* FTTrialSeparationMonitor.mm */,
				66D779B716E57461001C4F55 /* TIUpdateManager.h */,
				66D779B816E57461001C4F55 /* TIUpdateManager.mm */,
			);
			name = PenManager;
			sourceTree = "<group>";
		};
		666DC55B170CF31E00D6B3C2 /* AppSupport */ = {
			isa = PBXGroup;
			children = (
				666DC55D170CF33C00D6B3C2 /* FTApplication.mm */,
			);
			name = AppSupport;
			sourceTree = "<group>";
		};
		66A8386816E52D840048FFE4 = {
			isa = PBXGroup;
			children = (
				3C373F241863537700830FD7 /* BuildConfigurations */,
				66A8387616E52D840048FFE4 /* FiftyThreeSdk */,
				66A8387316E52D840048FFE4 /* Frameworks */,
				66A8387216E52D840048FFE4 /* Products */,
			);
			sourceTree = "<group>";
		};
		66A8387216E52D840048FFE4 /* Products */ = {
			isa = PBXGroup;
			children = (
				66A8387116E52D840048FFE4 /* libFiftyThreeSdk.a */,
			);
			name = Products;
			sourceTree = "<group>";
		};
		66A8387316E52D840048FFE4 /* Frameworks */ = {
			isa = PBXGroup;
			children = (
				6644317216F7FB920049E570 /* boost.framework */,
				66A8387416E52D840048FFE4 /* Foundation.framework */,
			);
			name = Frameworks;
			sourceTree = "<group>";
		};
		66A8387616E52D840048FFE4 /* FiftyThreeSdk */ = {
			isa = PBXGroup;
			children = (
				666DC55B170CF31E00D6B3C2 /* AppSupport */,
				0416CA8918A42B51004EAC00 /* Classification */,
				66A8389C16E531E40048FFE4 /* export */,
				04493E2D18C6223C0003AFB8 /* PairingSpotView.h */,
				04493E2E18C6223C0003AFB8 /* PairingSpotView.mm */,
				6665F819170F8AC90027BAD1 /* PenManager */,
				3C2F9C3E17807FCF00A5FFBC /* Services */,
				66A8387716E52D840048FFE4 /* Supporting Files */,
				04E99C5218BFF12400BC4DCB /* TouchClassifier.cpp */,
				04E99C5318BFF12400BC4DCB /* TouchClassifier.h */,
				04493DE318C545140003AFB8 /* TouchClassifierImpl.cpp */,
				04493DE418C545140003AFB8 /* TouchClassifierImpl.h */,
				66B6E3E316F9237800251B6A /* TouchClassifiers */,
				3CC31DCB17933ABB002CD4FB /* TransitionKit */,
			);
			name = FiftyThreeSdk;
			sourceTree = "<group>";
		};
		66A8387716E52D840048FFE4 /* Supporting Files */ = {
			isa = PBXGroup;
			children = (
				66D779AE16E57461001C4F55 /* FiftyThreeSdk-Prefix.pch */,
			);
			name = "Supporting Files";
			sourceTree = "<group>";
		};
		66A8389C16E531E40048FFE4 /* export */ = {
			isa = PBXGroup;
			children = (
				666DC55C170CF33C00D6B3C2 /* FTApplication.h */,
				3C4E641818352A4500C0BB10 /* FTLog.h */,
				66D779B116E57461001C4F55 /* FTPen.h */,
				66D779B416E57461001C4F55 /* FTPenManager.h */,
			);
			name = export;
			sourceTree = "<group>";
		};
		66B6E3E316F9237800251B6A /* TouchClassifiers */ = {
			isa = PBXGroup;
			children = (
				663AFED716FA6BD800681A90 /* PenEvent.cpp */,
				663AFED816FA6BD800681A90 /* PenEvent.h */,
			);
			name = TouchClassifiers;
			sourceTree = "<group>";
		};
/* End PBXGroup section */

/* Begin PBXNativeTarget section */
		66A8387016E52D840048FFE4 /* FiftyThreeSdk */ = {
			isa = PBXNativeTarget;
			buildConfigurationList = 66A8387F16E52D840048FFE4 /* Build configuration list for PBXNativeTarget "FiftyThreeSdk" */;
			buildPhases = (
				66A8386D16E52D840048FFE4 /* Sources */,
				66A8386E16E52D840048FFE4 /* Frameworks */,
			);
			buildRules = (
			);
			dependencies = (
			);
			name = FiftyThreeSdk;
			productName = sdk;
			productReference = 66A8387116E52D840048FFE4 /* libFiftyThreeSdk.a */;
			productType = "com.apple.product-type.library.static";
		};
/* End PBXNativeTarget section */

/* Begin PBXProject section */
		66A8386916E52D840048FFE4 /* Project object */ = {
			isa = PBXProject;
			attributes = {
				LastUpgradeCheck = 0500;
				ORGANIZATIONNAME = FiftyThree;
			};
			buildConfigurationList = 66A8386C16E52D840048FFE4 /* Build configuration list for PBXProject "FiftyThreeSdk" */;
			compatibilityVersion = "Xcode 3.2";
			developmentRegion = English;
			hasScannedForEncodings = 0;
			knownRegions = (
				en,
			);
			mainGroup = 66A8386816E52D840048FFE4;
			productRefGroup = 66A8387216E52D840048FFE4 /* Products */;
			projectDirPath = "";
			projectRoot = "";
			targets = (
				66A8387016E52D840048FFE4 /* FiftyThreeSdk */,
			);
		};
/* End PBXProject section */

/* Begin PBXSourcesBuildPhase section */
		66A8386D16E52D840048FFE4 /* Sources */ = {
			isa = PBXSourcesBuildPhase;
			buildActionMask = 2147483647;
			files = (
				66D779B916E57461001C4F55 /* FTDeviceInfoServiceClient.m in Sources */,
				66D779BA16E57461001C4F55 /* FTPen.m in Sources */,
				0416CABB18A42B51004EAC00 /* Cluster.cpp in Sources */,
				66D779BB16E57461001C4F55 /* FTPenManager.m in Sources */,
				0416CAC918A42B51004EAC00 /* Playback.cpp in Sources */,
				0416CAC118A42B51004EAC00 /* IsolatedStrokes.cpp in Sources */,
				0416CABE18A42B51004EAC00 /* EigenLAB.cpp in Sources */,
				66D779BC16E57461001C4F55 /* TIUpdateManager.mm in Sources */,
				0416CABC18A42B51004EAC00 /* Debug.cpp in Sources */,
				663AFED916FA6BD800681A90 /* PenEvent.cpp in Sources */,
				66BEC2861703B397009207F9 /* FTFirmwareManager.m in Sources */,
				0416CAC818A42B51004EAC00 /* Performance.cpp in Sources */,
				666DC55E170CF33C00D6B3C2 /* FTApplication.mm in Sources */,
				0416CACC18A42B51004EAC00 /* Stroke.cpp in Sources */,
				0416CACD18A42B51004EAC00 /* TouchLogger.cpp in Sources */,
				0416CAC618A42B51004EAC00 /* PenDirection.cpp in Sources */,
				3CF2306F177E13910049A9EF /* FTServiceUUIDs.m in Sources */,
				3C2F9C3A1780758300A5FFBC /* FTPeripheralDelegate.m in Sources */,
				04E99C5418BFF12400BC4DCB /* TouchClassifier.cpp in Sources */,
				0416CAC018A42B51004EAC00 /* Helpers.mm in Sources */,
				0416CAC718A42B51004EAC00 /* PenEvents.cpp in Sources */,
				3C2F9C3D1780786F00A5FFBC /* FTPenServiceClient.m in Sources */,
				3C2F9C411780802600A5FFBC /* FTServiceClient.m in Sources */,
				3C2F9C441780A7BA00A5FFBC /* FTPenUsageServiceClient.m in Sources */,
				0416CABF18A42B51004EAC00 /* FiniteDifferences.cpp in Sources */,
				04E99BEC18BFE53500BC4DCB /* FTTrialSeparationMonitor.mm in Sources */,
				04493DE518C545140003AFB8 /* TouchClassifierImpl.cpp in Sources */,
				3C404F7B1784C5A200EB7B9A /* FTError.m in Sources */,
				3CC31DF417933C5F002CD4FB /* TKEvent.m in Sources */,
				3CC31DF517933C5F002CD4FB /* TKState.m in Sources */,
				3CC31DF617933C5F002CD4FB /* TKStateMachine.m in Sources */,
				0416CAC418A42B51004EAC00 /* LineFitting.cpp in Sources */,
				0416CAC218A42B51004EAC00 /* IsolatedStrokesCalibration.cpp in Sources */,
				0416CACB18A42B51004EAC00 /* Screen.cpp in Sources */,
				04493E2F18C6223C0003AFB8 /* PairingSpotView.mm in Sources */,
				3CF1369417A9F4440006AB2E /* FTFirmwareUpdateProgressView.m in Sources */,
				3CE80BD117CE6DC900AA73A0 /* CBPeripheral+Helpers.m in Sources */,
				0416CABA18A42B51004EAC00 /* ClassificationProxy.cpp in Sources */,
				3CE80BD417CE6DE700AA73A0 /* CBCharacteristic+Helpers.m in Sources */,
				3C02E084183698E100420B95 /* FTLog.m in Sources */,
				0416CABD18A42B51004EAC00 /* DumbStylus.cpp in Sources */,
			);
			runOnlyForDeploymentPostprocessing = 0;
		};
/* End PBXSourcesBuildPhase section */

/* Begin XCBuildConfiguration section */
		3C44210D186360E70002CFE5 /* Internal */ = {
			isa = XCBuildConfiguration;
			baseConfigurationReference = 3C373F28186353FA00830FD7 /* FiftyThreeSdkInternal.xcconfig */;
			buildSettings = {
			};
			name = Internal;
		};
		3C44210E186360E70002CFE5 /* Internal */ = {
			isa = XCBuildConfiguration;
			buildSettings = {
			};
			name = Internal;
		};
		3C44210F186360EF0002CFE5 /* Preview */ = {
			isa = XCBuildConfiguration;
			baseConfigurationReference = 3C373F291863540600830FD7 /* FiftyThreeSdkPreview.xcconfig */;
			buildSettings = {
			};
			name = Preview;
		};
		3C442110186360EF0002CFE5 /* Preview */ = {
			isa = XCBuildConfiguration;
			buildSettings = {
			};
			name = Preview;
		};
		3C442111186360F50002CFE5 /* Production */ = {
			isa = XCBuildConfiguration;
			baseConfigurationReference = 3C373F2A1863541300830FD7 /* FiftyThreeSdkProduction.xcconfig */;
			buildSettings = {
			};
			name = Production;
		};
		3C442112186360F50002CFE5 /* Production */ = {
			isa = XCBuildConfiguration;
			buildSettings = {
			};
			name = Production;
		};
		66A8387D16E52D840048FFE4 /* Debug */ = {
			isa = XCBuildConfiguration;
			baseConfigurationReference = 3C373F27186353D700830FD7 /* FiftyThreeSdkDebug.xcconfig */;
			buildSettings = {
			};
			name = Debug;
		};
		66A8387E16E52D840048FFE4 /* Release */ = {
			isa = XCBuildConfiguration;
			baseConfigurationReference = 3C373F2B1863542400830FD7 /* FiftyThreeSdkRelease.xcconfig */;
			buildSettings = {
			};
			name = Release;
		};
		66A8388016E52D840048FFE4 /* Debug */ = {
			isa = XCBuildConfiguration;
			buildSettings = {
			};
			name = Debug;
		};
		66A8388116E52D840048FFE4 /* Release */ = {
			isa = XCBuildConfiguration;
			buildSettings = {
			};
			name = Release;
		};
/* End XCBuildConfiguration section */

/* Begin XCConfigurationList section */
		66A8386C16E52D840048FFE4 /* Build configuration list for PBXProject "FiftyThreeSdk" */ = {
			isa = XCConfigurationList;
			buildConfigurations = (
				66A8387D16E52D840048FFE4 /* Debug */,
				66A8387E16E52D840048FFE4 /* Release */,
				3C44210D186360E70002CFE5 /* Internal */,
				3C44210F186360EF0002CFE5 /* Preview */,
				3C442111186360F50002CFE5 /* Production */,
			);
			defaultConfigurationIsVisible = 0;
			defaultConfigurationName = Release;
		};
		66A8387F16E52D840048FFE4 /* Build configuration list for PBXNativeTarget "FiftyThreeSdk" */ = {
			isa = XCConfigurationList;
			buildConfigurations = (
				66A8388016E52D840048FFE4 /* Debug */,
				66A8388116E52D840048FFE4 /* Release */,
				3C44210E186360E70002CFE5 /* Internal */,
				3C442110186360EF0002CFE5 /* Preview */,
				3C442112186360F50002CFE5 /* Production */,
			);
			defaultConfigurationIsVisible = 0;
			defaultConfigurationName = Release;
		};
/* End XCConfigurationList section */
	};
	rootObject = 66A8386916E52D840048FFE4 /* Project object */;
}
